// !$*UTF8*$!
{
	archiveVersion = 1;
	classes = {
	};
	objectVersion = 46;
	objects = {

/* Begin PBXBuildFile section */
		0A9638B116FC290C0063CFAD /* ChannelUITableViewCell.m in Sources */ = {isa = PBXBuildFile; fileRef = 0A9638B016FC290C0063CFAD /* ChannelUITableViewCell.m */; };
		0A989FCE16FFEE8F00D72361 /* SearchViewController.m in Sources */ = {isa = PBXBuildFile; fileRef = 0A989FCD16FFEE8F00D72361 /* SearchViewController.m */; };
		0A989FD11700400900D72361 /* ChannelViewController.m in Sources */ = {isa = PBXBuildFile; fileRef = 0A989FD01700400900D72361 /* ChannelViewController.m */; };
		0A99937B16FD4A3100709D28 /* ChannelUITableViewController.m in Sources */ = {isa = PBXBuildFile; fileRef = 0A99937A16FD4A3100709D28 /* ChannelUITableViewController.m */; };
		0A99938816FD6E4C00709D28 /* ChannelAnnotation.m in Sources */ = {isa = PBXBuildFile; fileRef = 0A99938716FD6E4C00709D28 /* ChannelAnnotation.m */; };
		0A99938B16FD7AAE00709D28 /* LocationAnnotation.m in Sources */ = {isa = PBXBuildFile; fileRef = 0A99938A16FD7AAE00709D28 /* LocationAnnotation.m */; };
		0A9B21FB16FC4428008E5A23 /* MapKit.framework in Frameworks */ = {isa = PBXBuildFile; fileRef = 0ABB364816FC16A500436E06 /* MapKit.framework */; };
		0A9B21FC16FC442E008E5A23 /* CoreLocation.framework in Frameworks */ = {isa = PBXBuildFile; fileRef = 0A9B21F916FC43ED008E5A23 /* CoreLocation.framework */; };
		0A9C9E7816F301B90017FECB /* NetAssociation.m in Sources */ = {isa = PBXBuildFile; fileRef = 0A9C9E7216F301B80017FECB /* NetAssociation.m */; settings = {COMPILER_FLAGS = " -fno-objc-arc"; }; };
		0A9C9E7916F301B90017FECB /* NetworkClock.m in Sources */ = {isa = PBXBuildFile; fileRef = 0A9C9E7416F301B80017FECB /* NetworkClock.m */; settings = {COMPILER_FLAGS = " -fno-objc-arc"; }; };
		0A9C9E7A16F301B90017FECB /* NSDate+NetworkClock.m in Sources */ = {isa = PBXBuildFile; fileRef = 0A9C9E7616F301B80017FECB /* NSDate+NetworkClock.m */; settings = {COMPILER_FLAGS = " -fno-objc-arc"; }; };
		0A9C9E8E16F304970017FECB /* ntp.hosts in Resources */ = {isa = PBXBuildFile; fileRef = 0A9C9E8D16F304960017FECB /* ntp.hosts */; };
		0ABB364D16FC19BC00436E06 /* DiscoverViewController.m in Sources */ = {isa = PBXBuildFile; fileRef = 0ABB364C16FC19BC00436E06 /* DiscoverViewController.m */; };
		37A6F10E2EF44B479165CDF8 /* libPods.a in Frameworks */ = {isa = PBXBuildFile; fileRef = 2D156770FCBB4A9BB0AFBE5B /* libPods.a */; };
		4A265B7116F2097300B91564 /* ChunkedVideoCapture.m in Sources */ = {isa = PBXBuildFile; fileRef = 4A265B6E16F2097300B91564 /* ChunkedVideoCapture.m */; };
		4A33C83C16F207AD009BA571 /* AVFoundation.framework in Frameworks */ = {isa = PBXBuildFile; fileRef = 4A33C83B16F207AD009BA571 /* AVFoundation.framework */; };
		4ADD4FD01700760900FB92D5 /* ChanHiddenTabBarController.m in Sources */ = {isa = PBXBuildFile; fileRef = 4ADD4FCF1700760900FB92D5 /* ChanHiddenTabBarController.m */; };
		B609967616F241C60033B29F /* ChanPost.m in Sources */ = {isa = PBXBuildFile; fileRef = B609967516F241C60033B29F /* ChanPost.m */; };
		B609967916F241C60033B29F /* ChanTimeline.m in Sources */ = {isa = PBXBuildFile; fileRef = B609967816F241C60033B29F /* ChanTimeline.m */; };
		B609967C16F241C60033B29F /* ChanUser.m in Sources */ = {isa = PBXBuildFile; fileRef = B609967B16F241C60033B29F /* ChanUser.m */; };
		B609967F16F241C60033B29F /* ChanEvent.m in Sources */ = {isa = PBXBuildFile; fileRef = B609967E16F241C60033B29F /* ChanEvent.m */; };
		B609968416F2E02F0033B29F /* ChanTimelineStore.m in Sources */ = {isa = PBXBuildFile; fileRef = B609968316F2E02F0033B29F /* ChanTimelineStore.m */; };
		B66FDC8616EF88A30042A36C /* UIKit.framework in Frameworks */ = {isa = PBXBuildFile; fileRef = B66FDC8516EF88A30042A36C /* UIKit.framework */; };
		B66FDC8816EF88A30042A36C /* Foundation.framework in Frameworks */ = {isa = PBXBuildFile; fileRef = B66FDC8716EF88A30042A36C /* Foundation.framework */; };
		B66FDC8A16EF88A30042A36C /* CoreGraphics.framework in Frameworks */ = {isa = PBXBuildFile; fileRef = B66FDC8916EF88A30042A36C /* CoreGraphics.framework */; };
		B66FDC8C16EF88A30042A36C /* CoreData.framework in Frameworks */ = {isa = PBXBuildFile; fileRef = B66FDC8B16EF88A30042A36C /* CoreData.framework */; };
		B66FDC9216EF88A30042A36C /* InfoPlist.strings in Resources */ = {isa = PBXBuildFile; fileRef = B66FDC9016EF88A30042A36C /* InfoPlist.strings */; };
		B66FDC9416EF88A30042A36C /* main.m in Sources */ = {isa = PBXBuildFile; fileRef = B66FDC9316EF88A30042A36C /* main.m */; };
		B66FDC9816EF88A30042A36C /* ChanAppDelegate.m in Sources */ = {isa = PBXBuildFile; fileRef = B66FDC9716EF88A30042A36C /* ChanAppDelegate.m */; };
		B66FDC9A16EF88A30042A36C /* Default.png in Resources */ = {isa = PBXBuildFile; fileRef = B66FDC9916EF88A30042A36C /* Default.png */; };
		B66FDC9C16EF88A30042A36C /* Default@2x.png in Resources */ = {isa = PBXBuildFile; fileRef = B66FDC9B16EF88A30042A36C /* Default@2x.png */; };
		B66FDC9E16EF88A40042A36C /* Default-568h@2x.png in Resources */ = {isa = PBXBuildFile; fileRef = B66FDC9D16EF88A30042A36C /* Default-568h@2x.png */; };
		B66FDCA116EF88A40042A36C /* MainStoryboard_iPhone.storyboard in Resources */ = {isa = PBXBuildFile; fileRef = B66FDC9F16EF88A40042A36C /* MainStoryboard_iPhone.storyboard */; };
		B66FDCA416EF88A40042A36C /* MainStoryboard_iPad.storyboard in Resources */ = {isa = PBXBuildFile; fileRef = B66FDCA216EF88A40042A36C /* MainStoryboard_iPad.storyboard */; };
		B66FDCA716EF88A40042A36C /* Channely.xcdatamodeld in Sources */ = {isa = PBXBuildFile; fileRef = B66FDCA516EF88A40042A36C /* Channely.xcdatamodeld */; };
		B66FDCAD16EF88A40042A36C /* ChanDetailViewController.m in Sources */ = {isa = PBXBuildFile; fileRef = B66FDCAC16EF88A40042A36C /* ChanDetailViewController.m */; };
		B66FDCB516EF88A40042A36C /* SenTestingKit.framework in Frameworks */ = {isa = PBXBuildFile; fileRef = B66FDCB416EF88A40042A36C /* SenTestingKit.framework */; };
		B66FDCB616EF88A40042A36C /* UIKit.framework in Frameworks */ = {isa = PBXBuildFile; fileRef = B66FDC8516EF88A30042A36C /* UIKit.framework */; };
		B66FDCB716EF88A40042A36C /* Foundation.framework in Frameworks */ = {isa = PBXBuildFile; fileRef = B66FDC8716EF88A30042A36C /* Foundation.framework */; };
		B66FDCB816EF88A40042A36C /* CoreData.framework in Frameworks */ = {isa = PBXBuildFile; fileRef = B66FDC8B16EF88A30042A36C /* CoreData.framework */; };
		B66FDCC016EF88A40042A36C /* InfoPlist.strings in Resources */ = {isa = PBXBuildFile; fileRef = B66FDCBE16EF88A40042A36C /* InfoPlist.strings */; };
		B66FDCC316EF88A40042A36C /* ChannelyTests.m in Sources */ = {isa = PBXBuildFile; fileRef = B66FDCC216EF88A40042A36C /* ChannelyTests.m */; };
/* End PBXBuildFile section */

/* Begin PBXContainerItemProxy section */
		B66FDCB916EF88A40042A36C /* PBXContainerItemProxy */ = {
			isa = PBXContainerItemProxy;
			containerPortal = B66FDC7A16EF88A30042A36C /* Project object */;
			proxyType = 1;
			remoteGlobalIDString = B66FDC8116EF88A30042A36C;
			remoteInfo = Channely;
		};
/* End PBXContainerItemProxy section */

/* Begin PBXFileReference section */
		0A9638AF16FC290C0063CFAD /* ChannelUITableViewCell.h */ = {isa = PBXFileReference; fileEncoding = 4; lastKnownFileType = sourcecode.c.h; path = ChannelUITableViewCell.h; sourceTree = "<group>"; };
		0A9638B016FC290C0063CFAD /* ChannelUITableViewCell.m */ = {isa = PBXFileReference; fileEncoding = 4; lastKnownFileType = sourcecode.c.objc; path = ChannelUITableViewCell.m; sourceTree = "<group>"; };
		0A989FCC16FFEE8F00D72361 /* SearchViewController.h */ = {isa = PBXFileReference; fileEncoding = 4; lastKnownFileType = sourcecode.c.h; path = SearchViewController.h; sourceTree = "<group>"; };
		0A989FCD16FFEE8F00D72361 /* SearchViewController.m */ = {isa = PBXFileReference; fileEncoding = 4; lastKnownFileType = sourcecode.c.objc; path = SearchViewController.m; sourceTree = "<group>"; };
		0A989FCF1700400900D72361 /* ChannelViewController.h */ = {isa = PBXFileReference; fileEncoding = 4; lastKnownFileType = sourcecode.c.h; path = ChannelViewController.h; sourceTree = "<group>"; };
		0A989FD01700400900D72361 /* ChannelViewController.m */ = {isa = PBXFileReference; fileEncoding = 4; lastKnownFileType = sourcecode.c.objc; path = ChannelViewController.m; sourceTree = "<group>"; };
		0A99937916FD4A3100709D28 /* ChannelUITableViewController.h */ = {isa = PBXFileReference; fileEncoding = 4; lastKnownFileType = sourcecode.c.h; path = ChannelUITableViewController.h; sourceTree = "<group>"; };
		0A99937A16FD4A3100709D28 /* ChannelUITableViewController.m */ = {isa = PBXFileReference; fileEncoding = 4; lastKnownFileType = sourcecode.c.objc; path = ChannelUITableViewController.m; sourceTree = "<group>"; };
		0A99938616FD6E4C00709D28 /* ChannelAnnotation.h */ = {isa = PBXFileReference; fileEncoding = 4; lastKnownFileType = sourcecode.c.h; path = ChannelAnnotation.h; sourceTree = "<group>"; };
		0A99938716FD6E4C00709D28 /* ChannelAnnotation.m */ = {isa = PBXFileReference; fileEncoding = 4; lastKnownFileType = sourcecode.c.objc; path = ChannelAnnotation.m; sourceTree = "<group>"; };
		0A99938916FD7AAE00709D28 /* LocationAnnotation.h */ = {isa = PBXFileReference; fileEncoding = 4; lastKnownFileType = sourcecode.c.h; path = LocationAnnotation.h; sourceTree = "<group>"; };
		0A99938A16FD7AAE00709D28 /* LocationAnnotation.m */ = {isa = PBXFileReference; fileEncoding = 4; lastKnownFileType = sourcecode.c.objc; path = LocationAnnotation.m; sourceTree = "<group>"; };
		0A9B21F916FC43ED008E5A23 /* CoreLocation.framework */ = {isa = PBXFileReference; lastKnownFileType = wrapper.framework; name = CoreLocation.framework; path = System/Library/Frameworks/CoreLocation.framework; sourceTree = SDKROOT; };
		0A9C9E7016F301B80017FECB /* ios-ntp.h */ = {isa = PBXFileReference; fileEncoding = 4; lastKnownFileType = sourcecode.c.h; path = "ios-ntp.h"; sourceTree = "<group>"; };
		0A9C9E7116F301B80017FECB /* NetAssociation.h */ = {isa = PBXFileReference; fileEncoding = 4; lastKnownFileType = sourcecode.c.h; path = NetAssociation.h; sourceTree = "<group>"; };
		0A9C9E7216F301B80017FECB /* NetAssociation.m */ = {isa = PBXFileReference; fileEncoding = 4; lastKnownFileType = sourcecode.c.objc; path = NetAssociation.m; sourceTree = "<group>"; };
		0A9C9E7316F301B80017FECB /* NetworkClock.h */ = {isa = PBXFileReference; fileEncoding = 4; lastKnownFileType = sourcecode.c.h; path = NetworkClock.h; sourceTree = "<group>"; };
		0A9C9E7416F301B80017FECB /* NetworkClock.m */ = {isa = PBXFileReference; fileEncoding = 4; lastKnownFileType = sourcecode.c.objc; path = NetworkClock.m; sourceTree = "<group>"; };
		0A9C9E7516F301B80017FECB /* NSDate+NetworkClock.h */ = {isa = PBXFileReference; fileEncoding = 4; lastKnownFileType = sourcecode.c.h; path = "NSDate+NetworkClock.h"; sourceTree = "<group>"; };
		0A9C9E7616F301B80017FECB /* NSDate+NetworkClock.m */ = {isa = PBXFileReference; fileEncoding = 4; lastKnownFileType = sourcecode.c.objc; path = "NSDate+NetworkClock.m"; sourceTree = "<group>"; };
		0A9C9E7716F301B80017FECB /* SynthesizeSingleton.h */ = {isa = PBXFileReference; fileEncoding = 4; lastKnownFileType = sourcecode.c.h; path = SynthesizeSingleton.h; sourceTree = "<group>"; };
		0A9C9E8D16F304960017FECB /* ntp.hosts */ = {isa = PBXFileReference; fileEncoding = 4; lastKnownFileType = text; name = ntp.hosts; path = Channely/ntp.hosts; sourceTree = "<group>"; };
		0ABB364816FC16A500436E06 /* MapKit.framework */ = {isa = PBXFileReference; lastKnownFileType = wrapper.framework; name = MapKit.framework; path = System/Library/Frameworks/MapKit.framework; sourceTree = SDKROOT; };
		0ABB364B16FC19BC00436E06 /* DiscoverViewController.h */ = {isa = PBXFileReference; fileEncoding = 4; lastKnownFileType = sourcecode.c.h; path = DiscoverViewController.h; sourceTree = "<group>"; };
		0ABB364C16FC19BC00436E06 /* DiscoverViewController.m */ = {isa = PBXFileReference; fileEncoding = 4; lastKnownFileType = sourcecode.c.objc; path = DiscoverViewController.m; sourceTree = "<group>"; };
		2D156770FCBB4A9BB0AFBE5B /* libPods.a */ = {isa = PBXFileReference; explicitFileType = archive.ar; includeInIndex = 0; path = libPods.a; sourceTree = BUILT_PRODUCTS_DIR; };
		4A265B6D16F2097300B91564 /* ChunkedVideoCapture.h */ = {isa = PBXFileReference; fileEncoding = 4; lastKnownFileType = sourcecode.c.h; path = ChunkedVideoCapture.h; sourceTree = "<group>"; };
		4A265B6E16F2097300B91564 /* ChunkedVideoCapture.m */ = {isa = PBXFileReference; fileEncoding = 4; lastKnownFileType = sourcecode.c.objc; path = ChunkedVideoCapture.m; sourceTree = "<group>"; };
		4A265B6F16F2097300B91564 /* VideoCapture.h */ = {isa = PBXFileReference; fileEncoding = 4; lastKnownFileType = sourcecode.c.h; path = VideoCapture.h; sourceTree = "<group>"; };
		4A265B7016F2097300B91564 /* VideoCaptureDelegate.h */ = {isa = PBXFileReference; fileEncoding = 4; lastKnownFileType = sourcecode.c.h; path = VideoCaptureDelegate.h; sourceTree = "<group>"; };
		4A33C83B16F207AD009BA571 /* AVFoundation.framework */ = {isa = PBXFileReference; lastKnownFileType = wrapper.framework; name = AVFoundation.framework; path = System/Library/Frameworks/AVFoundation.framework; sourceTree = SDKROOT; };
		4ADD4FCE1700760900FB92D5 /* ChanHiddenTabBarController.h */ = {isa = PBXFileReference; fileEncoding = 4; lastKnownFileType = sourcecode.c.h; path = ChanHiddenTabBarController.h; sourceTree = "<group>"; };
		4ADD4FCF1700760900FB92D5 /* ChanHiddenTabBarController.m */ = {isa = PBXFileReference; fileEncoding = 4; lastKnownFileType = sourcecode.c.objc; path = ChanHiddenTabBarController.m; sourceTree = "<group>"; };
		97663AA3EF11435B88CF1377 /* Pods.xcconfig */ = {isa = PBXFileReference; includeInIndex = 1; lastKnownFileType = text.xcconfig; name = Pods.xcconfig; path = Pods/Pods.xcconfig; sourceTree = SOURCE_ROOT; };
		B609967416F241C50033B29F /* ChanPost.h */ = {isa = PBXFileReference; fileEncoding = 4; lastKnownFileType = sourcecode.c.h; path = ChanPost.h; sourceTree = "<group>"; };
		B609967516F241C60033B29F /* ChanPost.m */ = {isa = PBXFileReference; fileEncoding = 4; lastKnownFileType = sourcecode.c.objc; path = ChanPost.m; sourceTree = "<group>"; };
		B609967716F241C60033B29F /* ChanTimeline.h */ = {isa = PBXFileReference; fileEncoding = 4; lastKnownFileType = sourcecode.c.h; path = ChanTimeline.h; sourceTree = "<group>"; };
		B609967816F241C60033B29F /* ChanTimeline.m */ = {isa = PBXFileReference; fileEncoding = 4; lastKnownFileType = sourcecode.c.objc; path = ChanTimeline.m; sourceTree = "<group>"; };
		B609967A16F241C60033B29F /* ChanUser.h */ = {isa = PBXFileReference; fileEncoding = 4; lastKnownFileType = sourcecode.c.h; path = ChanUser.h; sourceTree = "<group>"; };
		B609967B16F241C60033B29F /* ChanUser.m */ = {isa = PBXFileReference; fileEncoding = 4; lastKnownFileType = sourcecode.c.objc; path = ChanUser.m; sourceTree = "<group>"; };
		B609967D16F241C60033B29F /* ChanEvent.h */ = {isa = PBXFileReference; fileEncoding = 4; lastKnownFileType = sourcecode.c.h; path = ChanEvent.h; sourceTree = "<group>"; };
		B609967E16F241C60033B29F /* ChanEvent.m */ = {isa = PBXFileReference; fileEncoding = 4; lastKnownFileType = sourcecode.c.objc; path = ChanEvent.m; sourceTree = "<group>"; };
		B609968216F2E02E0033B29F /* ChanTimelineStore.h */ = {isa = PBXFileReference; fileEncoding = 4; lastKnownFileType = sourcecode.c.h; path = ChanTimelineStore.h; sourceTree = "<group>"; };
		B609968316F2E02F0033B29F /* ChanTimelineStore.m */ = {isa = PBXFileReference; fileEncoding = 4; lastKnownFileType = sourcecode.c.objc; path = ChanTimelineStore.m; sourceTree = "<group>"; };
		B66FDC8216EF88A30042A36C /* Channely.app */ = {isa = PBXFileReference; explicitFileType = wrapper.application; includeInIndex = 0; path = Channely.app; sourceTree = BUILT_PRODUCTS_DIR; };
		B66FDC8516EF88A30042A36C /* UIKit.framework */ = {isa = PBXFileReference; lastKnownFileType = wrapper.framework; name = UIKit.framework; path = System/Library/Frameworks/UIKit.framework; sourceTree = SDKROOT; };
		B66FDC8716EF88A30042A36C /* Foundation.framework */ = {isa = PBXFileReference; lastKnownFileType = wrapper.framework; name = Foundation.framework; path = System/Library/Frameworks/Foundation.framework; sourceTree = SDKROOT; };
		B66FDC8916EF88A30042A36C /* CoreGraphics.framework */ = {isa = PBXFileReference; lastKnownFileType = wrapper.framework; name = CoreGraphics.framework; path = System/Library/Frameworks/CoreGraphics.framework; sourceTree = SDKROOT; };
		B66FDC8B16EF88A30042A36C /* CoreData.framework */ = {isa = PBXFileReference; lastKnownFileType = wrapper.framework; name = CoreData.framework; path = System/Library/Frameworks/CoreData.framework; sourceTree = SDKROOT; };
		B66FDC8F16EF88A30042A36C /* Channely-Info.plist */ = {isa = PBXFileReference; lastKnownFileType = text.plist.xml; path = "Channely-Info.plist"; sourceTree = "<group>"; };
		B66FDC9116EF88A30042A36C /* en */ = {isa = PBXFileReference; lastKnownFileType = text.plist.strings; name = en; path = en.lproj/InfoPlist.strings; sourceTree = "<group>"; };
		B66FDC9316EF88A30042A36C /* main.m */ = {isa = PBXFileReference; lastKnownFileType = sourcecode.c.objc; path = main.m; sourceTree = "<group>"; };
		B66FDC9516EF88A30042A36C /* Channely-Prefix.pch */ = {isa = PBXFileReference; lastKnownFileType = sourcecode.c.h; path = "Channely-Prefix.pch"; sourceTree = "<group>"; };
		B66FDC9616EF88A30042A36C /* ChanAppDelegate.h */ = {isa = PBXFileReference; lastKnownFileType = sourcecode.c.h; path = ChanAppDelegate.h; sourceTree = "<group>"; };
		B66FDC9716EF88A30042A36C /* ChanAppDelegate.m */ = {isa = PBXFileReference; lastKnownFileType = sourcecode.c.objc; path = ChanAppDelegate.m; sourceTree = "<group>"; };
		B66FDC9916EF88A30042A36C /* Default.png */ = {isa = PBXFileReference; lastKnownFileType = image.png; path = Default.png; sourceTree = "<group>"; };
		B66FDC9B16EF88A30042A36C /* Default@2x.png */ = {isa = PBXFileReference; lastKnownFileType = image.png; path = "Default@2x.png"; sourceTree = "<group>"; };
		B66FDC9D16EF88A30042A36C /* Default-568h@2x.png */ = {isa = PBXFileReference; lastKnownFileType = image.png; path = "Default-568h@2x.png"; sourceTree = "<group>"; };
		B66FDCA016EF88A40042A36C /* en */ = {isa = PBXFileReference; lastKnownFileType = file.storyboard; name = en; path = en.lproj/MainStoryboard_iPhone.storyboard; sourceTree = "<group>"; };
		B66FDCA316EF88A40042A36C /* en */ = {isa = PBXFileReference; lastKnownFileType = file.storyboard; name = en; path = en.lproj/MainStoryboard_iPad.storyboard; sourceTree = "<group>"; };
		B66FDCA616EF88A40042A36C /* Channely.xcdatamodel */ = {isa = PBXFileReference; lastKnownFileType = wrapper.xcdatamodel; path = Channely.xcdatamodel; sourceTree = "<group>"; };
		B66FDCA816EF88A40042A36C /* ChanMasterViewController.h */ = {isa = PBXFileReference; lastKnownFileType = sourcecode.c.h; path = ChanMasterViewController.h; sourceTree = "<group>"; };
		B66FDCA916EF88A40042A36C /* ChanMasterViewController.m */ = {isa = PBXFileReference; lastKnownFileType = sourcecode.c.objc; path = ChanMasterViewController.m; sourceTree = "<group>"; };
		B66FDCAB16EF88A40042A36C /* ChanDetailViewController.h */ = {isa = PBXFileReference; lastKnownFileType = sourcecode.c.h; name = ChanDetailViewController.h; path = Channely/ChanDetailViewController.h; sourceTree = "<group>"; };
		B66FDCAC16EF88A40042A36C /* ChanDetailViewController.m */ = {isa = PBXFileReference; lastKnownFileType = sourcecode.c.objc; name = ChanDetailViewController.m; path = Channely/ChanDetailViewController.m; sourceTree = "<group>"; };
		B66FDCB316EF88A40042A36C /* ChannelyTests.octest */ = {isa = PBXFileReference; explicitFileType = wrapper.cfbundle; includeInIndex = 0; path = ChannelyTests.octest; sourceTree = BUILT_PRODUCTS_DIR; };
		B66FDCB416EF88A40042A36C /* SenTestingKit.framework */ = {isa = PBXFileReference; lastKnownFileType = wrapper.framework; name = SenTestingKit.framework; path = Library/Frameworks/SenTestingKit.framework; sourceTree = DEVELOPER_DIR; };
		B66FDCBD16EF88A40042A36C /* ChannelyTests-Info.plist */ = {isa = PBXFileReference; lastKnownFileType = text.plist.xml; path = "ChannelyTests-Info.plist"; sourceTree = "<group>"; };
		B66FDCBF16EF88A40042A36C /* en */ = {isa = PBXFileReference; lastKnownFileType = text.plist.strings; name = en; path = en.lproj/InfoPlist.strings; sourceTree = "<group>"; };
		B66FDCC116EF88A40042A36C /* ChannelyTests.h */ = {isa = PBXFileReference; lastKnownFileType = sourcecode.c.h; path = ChannelyTests.h; sourceTree = "<group>"; };
		B66FDCC216EF88A40042A36C /* ChannelyTests.m */ = {isa = PBXFileReference; lastKnownFileType = sourcecode.c.objc; path = ChannelyTests.m; sourceTree = "<group>"; };
/* End PBXFileReference section */

/* Begin PBXFrameworksBuildPhase section */
		B66FDC7F16EF88A30042A36C /* Frameworks */ = {
			isa = PBXFrameworksBuildPhase;
			buildActionMask = 2147483647;
			files = (
				0A9B21FC16FC442E008E5A23 /* CoreLocation.framework in Frameworks */,
				0A9B21FB16FC4428008E5A23 /* MapKit.framework in Frameworks */,
				4A33C83C16F207AD009BA571 /* AVFoundation.framework in Frameworks */,
				B66FDC8616EF88A30042A36C /* UIKit.framework in Frameworks */,
				B66FDC8816EF88A30042A36C /* Foundation.framework in Frameworks */,
				B66FDC8A16EF88A30042A36C /* CoreGraphics.framework in Frameworks */,
				B66FDC8C16EF88A30042A36C /* CoreData.framework in Frameworks */,
				37A6F10E2EF44B479165CDF8 /* libPods.a in Frameworks */,
			);
			runOnlyForDeploymentPostprocessing = 0;
		};
		B66FDCAF16EF88A40042A36C /* Frameworks */ = {
			isa = PBXFrameworksBuildPhase;
			buildActionMask = 2147483647;
			files = (
				B66FDCB516EF88A40042A36C /* SenTestingKit.framework in Frameworks */,
				B66FDCB616EF88A40042A36C /* UIKit.framework in Frameworks */,
				B66FDCB716EF88A40042A36C /* Foundation.framework in Frameworks */,
				B66FDCB816EF88A40042A36C /* CoreData.framework in Frameworks */,
			);
			runOnlyForDeploymentPostprocessing = 0;
		};
/* End PBXFrameworksBuildPhase section */

/* Begin PBXGroup section */
		0A99938416FD6E1400709D28 /* Map */ = {
			isa = PBXGroup;
			children = (
				0A99938616FD6E4C00709D28 /* ChannelAnnotation.h */,
				0A99938716FD6E4C00709D28 /* ChannelAnnotation.m */,
				0A99938916FD7AAE00709D28 /* LocationAnnotation.h */,
				0A99938A16FD7AAE00709D28 /* LocationAnnotation.m */,
			);
			name = Map;
			sourceTree = "<group>";
		};
		0A9C9E6F16F301A50017FECB /* IosNtp */ = {
			isa = PBXGroup;
			children = (
				0A9C9E7016F301B80017FECB /* ios-ntp.h */,
				0A9C9E7116F301B80017FECB /* NetAssociation.h */,
				0A9C9E7216F301B80017FECB /* NetAssociation.m */,
				0A9C9E7316F301B80017FECB /* NetworkClock.h */,
				0A9C9E7416F301B80017FECB /* NetworkClock.m */,
				0A9C9E7516F301B80017FECB /* NSDate+NetworkClock.h */,
				0A9C9E7616F301B80017FECB /* NSDate+NetworkClock.m */,
				0A9C9E7716F301B80017FECB /* SynthesizeSingleton.h */,
			);
			name = IosNtp;
			sourceTree = "<group>";
		};
		0ABB364716FC13BE00436E06 /* Archive */ = {
			isa = PBXGroup;
			children = (
				B66FDCA816EF88A40042A36C /* ChanMasterViewController.h */,
				B66FDCA916EF88A40042A36C /* ChanMasterViewController.m */,
			);
			name = Archive;
			sourceTree = "<group>";
		};
		0ABB364A16FC19A200436E06 /* UI */ = {
			isa = PBXGroup;
			children = (
				0A99938416FD6E1400709D28 /* Map */,
				B66FDC9F16EF88A40042A36C /* MainStoryboard_iPhone.storyboard */,
				B66FDCA216EF88A40042A36C /* MainStoryboard_iPad.storyboard */,
				0A989FCF1700400900D72361 /* ChannelViewController.h */,
				0A989FD01700400900D72361 /* ChannelViewController.m */,
				0A9638AF16FC290C0063CFAD /* ChannelUITableViewCell.h */,
				0A9638B016FC290C0063CFAD /* ChannelUITableViewCell.m */,
				B66FDCAB16EF88A40042A36C /* ChanDetailViewController.h */,
				B66FDCAC16EF88A40042A36C /* ChanDetailViewController.m */,
				0ABB364B16FC19BC00436E06 /* DiscoverViewController.h */,
				0ABB364C16FC19BC00436E06 /* DiscoverViewController.m */,
				0A99937916FD4A3100709D28 /* ChannelUITableViewController.h */,
				0A99937A16FD4A3100709D28 /* ChannelUITableViewController.m */,
				0A989FCC16FFEE8F00D72361 /* SearchViewController.h */,
				0A989FCD16FFEE8F00D72361 /* SearchViewController.m */,
				4ADD4FCE1700760900FB92D5 /* ChanHiddenTabBarController.h */,
				4ADD4FCF1700760900FB92D5 /* ChanHiddenTabBarController.m */,
			);
			name = UI;
			path = ..;
			sourceTree = "<group>";
		};
		4A265B6716F207F300B91564 /* Video Capture */ = {
			isa = PBXGroup;
			children = (
				4A265B6D16F2097300B91564 /* ChunkedVideoCapture.h */,
				4A265B6E16F2097300B91564 /* ChunkedVideoCapture.m */,
				4A265B6F16F2097300B91564 /* VideoCapture.h */,
				4A265B7016F2097300B91564 /* VideoCaptureDelegate.h */,
			);
			name = "Video Capture";
			sourceTree = "<group>";
		};
		B66FDC7916EF88A30042A36C = {
			isa = PBXGroup;
			children = (
				B66FDC8D16EF88A30042A36C /* Channely */,
				B66FDCBB16EF88A40042A36C /* ChannelyTests */,
				B66FDC8416EF88A30042A36C /* Frameworks */,
				B66FDC8316EF88A30042A36C /* Products */,
				0A9C9E8D16F304960017FECB /* ntp.hosts */,
				97663AA3EF11435B88CF1377 /* Pods.xcconfig */,
			);
			sourceTree = "<group>";
		};
		B66FDC8316EF88A30042A36C /* Products */ = {
			isa = PBXGroup;
			children = (
				B66FDC8216EF88A30042A36C /* Channely.app */,
				B66FDCB316EF88A40042A36C /* ChannelyTests.octest */,
			);
			name = Products;
			sourceTree = "<group>";
		};
		B66FDC8416EF88A30042A36C /* Frameworks */ = {
			isa = PBXGroup;
			children = (
				0A9B21F916FC43ED008E5A23 /* CoreLocation.framework */,
				0ABB364816FC16A500436E06 /* MapKit.framework */,
				4A33C83B16F207AD009BA571 /* AVFoundation.framework */,
				B66FDC8516EF88A30042A36C /* UIKit.framework */,
				B66FDC8716EF88A30042A36C /* Foundation.framework */,
				B66FDC8916EF88A30042A36C /* CoreGraphics.framework */,
				B66FDC8B16EF88A30042A36C /* CoreData.framework */,
				B66FDCB416EF88A40042A36C /* SenTestingKit.framework */,
				2D156770FCBB4A9BB0AFBE5B /* libPods.a */,
			);
			name = Frameworks;
			sourceTree = "<group>";
		};
		B66FDC8D16EF88A30042A36C /* Channely */ = {
			isa = PBXGroup;
			children = (
				0ABB364A16FC19A200436E06 /* UI */,
				0ABB364716FC13BE00436E06 /* Archive */,
				0A9C9E6F16F301A50017FECB /* IosNtp */,
				4A265B6716F207F300B91564 /* Video Capture */,
				B66FDC9616EF88A30042A36C /* ChanAppDelegate.h */,
				B66FDC9716EF88A30042A36C /* ChanAppDelegate.m */,
				B66FDCA516EF88A40042A36C /* Channely.xcdatamodeld */,
				B609967D16F241C60033B29F /* ChanEvent.h */,
				B609967E16F241C60033B29F /* ChanEvent.m */,
				B609967A16F241C60033B29F /* ChanUser.h */,
				B609967B16F241C60033B29F /* ChanUser.m */,
				B609967716F241C60033B29F /* ChanTimeline.h */,
				B609967816F241C60033B29F /* ChanTimeline.m */,
				B609967416F241C50033B29F /* ChanPost.h */,
				B609967516F241C60033B29F /* ChanPost.m */,
				B66FDC8E16EF88A30042A36C /* Supporting Files */,
				B609968216F2E02E0033B29F /* ChanTimelineStore.h */,
				B609968316F2E02F0033B29F /* ChanTimelineStore.m */,
			);
			path = Channely;
			sourceTree = "<group>";
		};
		B66FDC8E16EF88A30042A36C /* Supporting Files */ = {
			isa = PBXGroup;
			children = (
				B66FDC8F16EF88A30042A36C /* Channely-Info.plist */,
				B66FDC9016EF88A30042A36C /* InfoPlist.strings */,
				B66FDC9316EF88A30042A36C /* main.m */,
				B66FDC9516EF88A30042A36C /* Channely-Prefix.pch */,
				B66FDC9916EF88A30042A36C /* Default.png */,
				B66FDC9B16EF88A30042A36C /* Default@2x.png */,
				B66FDC9D16EF88A30042A36C /* Default-568h@2x.png */,
			);
			name = "Supporting Files";
			sourceTree = "<group>";
		};
		B66FDCBB16EF88A40042A36C /* ChannelyTests */ = {
			isa = PBXGroup;
			children = (
				B66FDCC116EF88A40042A36C /* ChannelyTests.h */,
				B66FDCC216EF88A40042A36C /* ChannelyTests.m */,
				B66FDCBC16EF88A40042A36C /* Supporting Files */,
			);
			path = ChannelyTests;
			sourceTree = "<group>";
		};
		B66FDCBC16EF88A40042A36C /* Supporting Files */ = {
			isa = PBXGroup;
			children = (
				B66FDCBD16EF88A40042A36C /* ChannelyTests-Info.plist */,
				B66FDCBE16EF88A40042A36C /* InfoPlist.strings */,
			);
			name = "Supporting Files";
			sourceTree = "<group>";
		};
/* End PBXGroup section */

/* Begin PBXNativeTarget section */
		B66FDC8116EF88A30042A36C /* Channely */ = {
			isa = PBXNativeTarget;
			buildConfigurationList = B66FDCC616EF88A40042A36C /* Build configuration list for PBXNativeTarget "Channely" */;
			buildPhases = (
				B66FDC7E16EF88A30042A36C /* Sources */,
				B66FDC7F16EF88A30042A36C /* Frameworks */,
				B66FDC8016EF88A30042A36C /* Resources */,
				1EDEA24BD5C94DE2B27B1EE1 /* Copy Pods Resources */,
			);
			buildRules = (
			);
			dependencies = (
			);
			name = Channely;
			productName = Channely;
			productReference = B66FDC8216EF88A30042A36C /* Channely.app */;
			productType = "com.apple.product-type.application";
		};
		B66FDCB216EF88A40042A36C /* ChannelyTests */ = {
			isa = PBXNativeTarget;
			buildConfigurationList = B66FDCC916EF88A40042A36C /* Build configuration list for PBXNativeTarget "ChannelyTests" */;
			buildPhases = (
				B66FDCAE16EF88A40042A36C /* Sources */,
				B66FDCAF16EF88A40042A36C /* Frameworks */,
				B66FDCB016EF88A40042A36C /* Resources */,
				B66FDCB116EF88A40042A36C /* ShellScript */,
			);
			buildRules = (
			);
			dependencies = (
				B66FDCBA16EF88A40042A36C /* PBXTargetDependency */,
			);
			name = ChannelyTests;
			productName = ChannelyTests;
			productReference = B66FDCB316EF88A40042A36C /* ChannelyTests.octest */;
			productType = "com.apple.product-type.bundle";
		};
/* End PBXNativeTarget section */

/* Begin PBXProject section */
		B66FDC7A16EF88A30042A36C /* Project object */ = {
			isa = PBXProject;
			attributes = {
				CLASSPREFIX = Chan;
				LastUpgradeCheck = 0460;
				ORGANIZATIONNAME = nus.cs3217;
			};
			buildConfigurationList = B66FDC7D16EF88A30042A36C /* Build configuration list for PBXProject "Channely" */;
			compatibilityVersion = "Xcode 3.2";
			developmentRegion = English;
			hasScannedForEncodings = 0;
			knownRegions = (
				en,
			);
			mainGroup = B66FDC7916EF88A30042A36C;
			productRefGroup = B66FDC8316EF88A30042A36C /* Products */;
			projectDirPath = "";
			projectRoot = "";
			targets = (
				B66FDC8116EF88A30042A36C /* Channely */,
				B66FDCB216EF88A40042A36C /* ChannelyTests */,
			);
		};
/* End PBXProject section */

/* Begin PBXResourcesBuildPhase section */
		B66FDC8016EF88A30042A36C /* Resources */ = {
			isa = PBXResourcesBuildPhase;
			buildActionMask = 2147483647;
			files = (
				B66FDC9216EF88A30042A36C /* InfoPlist.strings in Resources */,
				B66FDC9A16EF88A30042A36C /* Default.png in Resources */,
				B66FDC9C16EF88A30042A36C /* Default@2x.png in Resources */,
				B66FDC9E16EF88A40042A36C /* Default-568h@2x.png in Resources */,
				B66FDCA116EF88A40042A36C /* MainStoryboard_iPhone.storyboard in Resources */,
				B66FDCA416EF88A40042A36C /* MainStoryboard_iPad.storyboard in Resources */,
				0A9C9E8E16F304970017FECB /* ntp.hosts in Resources */,
			);
			runOnlyForDeploymentPostprocessing = 0;
		};
		B66FDCB016EF88A40042A36C /* Resources */ = {
			isa = PBXResourcesBuildPhase;
			buildActionMask = 2147483647;
			files = (
				B66FDCC016EF88A40042A36C /* InfoPlist.strings in Resources */,
			);
			runOnlyForDeploymentPostprocessing = 0;
		};
/* End PBXResourcesBuildPhase section */

/* Begin PBXShellScriptBuildPhase section */
		1EDEA24BD5C94DE2B27B1EE1 /* Copy Pods Resources */ = {
			isa = PBXShellScriptBuildPhase;
			buildActionMask = 2147483647;
			files = (
			);
			inputPaths = (
			);
			name = "Copy Pods Resources";
			outputPaths = (
			);
			runOnlyForDeploymentPostprocessing = 0;
			shellPath = /bin/sh;
			shellScript = "\"${SRCROOT}/Pods/Pods-resources.sh\"\n";
		};
		B66FDCB116EF88A40042A36C /* ShellScript */ = {
			isa = PBXShellScriptBuildPhase;
			buildActionMask = 2147483647;
			files = (
			);
			inputPaths = (
			);
			outputPaths = (
			);
			runOnlyForDeploymentPostprocessing = 0;
			shellPath = /bin/sh;
			shellScript = "# Run the unit tests in this test bundle.\n\"${SYSTEM_DEVELOPER_DIR}/Tools/RunUnitTests\"\n";
		};
/* End PBXShellScriptBuildPhase section */

/* Begin PBXSourcesBuildPhase section */
		B66FDC7E16EF88A30042A36C /* Sources */ = {
			isa = PBXSourcesBuildPhase;
			buildActionMask = 2147483647;
			files = (
				B66FDC9416EF88A30042A36C /* main.m in Sources */,
				B66FDC9816EF88A30042A36C /* ChanAppDelegate.m in Sources */,
				B66FDCA716EF88A40042A36C /* Channely.xcdatamodeld in Sources */,
				B66FDCAD16EF88A40042A36C /* ChanDetailViewController.m in Sources */,
				4A265B7116F2097300B91564 /* ChunkedVideoCapture.m in Sources */,
				B609967616F241C60033B29F /* ChanPost.m in Sources */,
				B609967916F241C60033B29F /* ChanTimeline.m in Sources */,
				B609967C16F241C60033B29F /* ChanUser.m in Sources */,
				B609967F16F241C60033B29F /* ChanEvent.m in Sources */,
				B609968416F2E02F0033B29F /* ChanTimelineStore.m in Sources */,
				0A9C9E7816F301B90017FECB /* NetAssociation.m in Sources */,
				0A9C9E7916F301B90017FECB /* NetworkClock.m in Sources */,
				0A9C9E7A16F301B90017FECB /* NSDate+NetworkClock.m in Sources */,
				0ABB364D16FC19BC00436E06 /* DiscoverViewController.m in Sources */,
				0A9638B116FC290C0063CFAD /* ChannelUITableViewCell.m in Sources */,
				0A99937B16FD4A3100709D28 /* ChannelUITableViewController.m in Sources */,
				0A99938816FD6E4C00709D28 /* ChannelAnnotation.m in Sources */,
				0A99938B16FD7AAE00709D28 /* LocationAnnotation.m in Sources */,
				0A989FCE16FFEE8F00D72361 /* SearchViewController.m in Sources */,
				0A989FD11700400900D72361 /* ChannelViewController.m in Sources */,
				4ADD4FD01700760900FB92D5 /* ChanHiddenTabBarController.m in Sources */,
			);
			runOnlyForDeploymentPostprocessing = 0;
		};
		B66FDCAE16EF88A40042A36C /* Sources */ = {
			isa = PBXSourcesBuildPhase;
			buildActionMask = 2147483647;
			files = (
				B66FDCC316EF88A40042A36C /* ChannelyTests.m in Sources */,
			);
			runOnlyForDeploymentPostprocessing = 0;
		};
/* End PBXSourcesBuildPhase section */

/* Begin PBXTargetDependency section */
		B66FDCBA16EF88A40042A36C /* PBXTargetDependency */ = {
			isa = PBXTargetDependency;
			target = B66FDC8116EF88A30042A36C /* Channely */;
			targetProxy = B66FDCB916EF88A40042A36C /* PBXContainerItemProxy */;
		};
/* End PBXTargetDependency section */

/* Begin PBXVariantGroup section */
		B66FDC9016EF88A30042A36C /* InfoPlist.strings */ = {
			isa = PBXVariantGroup;
			children = (
				B66FDC9116EF88A30042A36C /* en */,
			);
			name = InfoPlist.strings;
			sourceTree = "<group>";
		};
		B66FDC9F16EF88A40042A36C /* MainStoryboard_iPhone.storyboard */ = {
			isa = PBXVariantGroup;
			children = (
				B66FDCA016EF88A40042A36C /* en */,
			);
			name = MainStoryboard_iPhone.storyboard;
			path = Channely;
			sourceTree = "<group>";
		};
		B66FDCA216EF88A40042A36C /* MainStoryboard_iPad.storyboard */ = {
			isa = PBXVariantGroup;
			children = (
				B66FDCA316EF88A40042A36C /* en */,
			);
			name = MainStoryboard_iPad.storyboard;
			path = Channely;
			sourceTree = "<group>";
		};
		B66FDCBE16EF88A40042A36C /* InfoPlist.strings */ = {
			isa = PBXVariantGroup;
			children = (
				B66FDCBF16EF88A40042A36C /* en */,
			);
			name = InfoPlist.strings;
			sourceTree = "<group>";
		};
/* End PBXVariantGroup section */

/* Begin XCBuildConfiguration section */
		B66FDCC416EF88A40042A36C /* Debug */ = {
			isa = XCBuildConfiguration;
			buildSettings = {
				ALWAYS_SEARCH_USER_PATHS = NO;
				CLANG_CXX_LANGUAGE_STANDARD = "gnu++0x";
				CLANG_CXX_LIBRARY = "libc++";
				CLANG_ENABLE_OBJC_ARC = YES;
				CLANG_WARN_CONSTANT_CONVERSION = YES;
				CLANG_WARN_EMPTY_BODY = YES;
				CLANG_WARN_ENUM_CONVERSION = YES;
				CLANG_WARN_INT_CONVERSION = YES;
				CLANG_WARN__DUPLICATE_METHOD_MATCH = YES;
				"CODE_SIGN_IDENTITY[sdk=iphoneos*]" = "iPhone Developer";
				COPY_PHASE_STRIP = NO;
				GCC_C_LANGUAGE_STANDARD = gnu99;
				GCC_DYNAMIC_NO_PIC = NO;
				GCC_OPTIMIZATION_LEVEL = 0;
				GCC_PREPROCESSOR_DEFINITIONS = (
					"DEBUG=1",
					"$(inherited)",
				);
				GCC_SYMBOLS_PRIVATE_EXTERN = NO;
				GCC_WARN_ABOUT_RETURN_TYPE = YES;
				GCC_WARN_UNINITIALIZED_AUTOS = YES;
				GCC_WARN_UNUSED_VARIABLE = YES;
				IPHONEOS_DEPLOYMENT_TARGET = 6.1;
				ONLY_ACTIVE_ARCH = YES;
				SDKROOT = iphoneos;
				TARGETED_DEVICE_FAMILY = "1,2";
			};
			name = Debug;
		};
		B66FDCC516EF88A40042A36C /* Release */ = {
			isa = XCBuildConfiguration;
			buildSettings = {
				ALWAYS_SEARCH_USER_PATHS = NO;
				CLANG_CXX_LANGUAGE_STANDARD = "gnu++0x";
				CLANG_CXX_LIBRARY = "libc++";
				CLANG_ENABLE_OBJC_ARC = YES;
				CLANG_WARN_CONSTANT_CONVERSION = YES;
				CLANG_WARN_EMPTY_BODY = YES;
				CLANG_WARN_ENUM_CONVERSION = YES;
				CLANG_WARN_INT_CONVERSION = YES;
				CLANG_WARN__DUPLICATE_METHOD_MATCH = YES;
				"CODE_SIGN_IDENTITY[sdk=iphoneos*]" = "iPhone Developer";
				COPY_PHASE_STRIP = YES;
				GCC_C_LANGUAGE_STANDARD = gnu99;
				GCC_WARN_ABOUT_RETURN_TYPE = YES;
				GCC_WARN_UNINITIALIZED_AUTOS = YES;
				GCC_WARN_UNUSED_VARIABLE = YES;
				IPHONEOS_DEPLOYMENT_TARGET = 6.1;
				OTHER_CFLAGS = "-DNS_BLOCK_ASSERTIONS=1";
				SDKROOT = iphoneos;
				TARGETED_DEVICE_FAMILY = "1,2";
				VALIDATE_PRODUCT = YES;
			};
			name = Release;
		};
		B66FDCC716EF88A40042A36C /* Debug */ = {
			isa = XCBuildConfiguration;
			baseConfigurationReference = 97663AA3EF11435B88CF1377 /* Pods.xcconfig */;
			buildSettings = {
				GCC_PRECOMPILE_PREFIX_HEADER = YES;
				GCC_PREFIX_HEADER = "Channely/Channely-Prefix.pch";
				INFOPLIST_FILE = "Channely/Channely-Info.plist";
				PRODUCT_NAME = "$(TARGET_NAME)";
				WRAPPER_EXTENSION = app;
			};
			name = Debug;
		};
		B66FDCC816EF88A40042A36C /* Release */ = {
			isa = XCBuildConfiguration;
			baseConfigurationReference = 97663AA3EF11435B88CF1377 /* Pods.xcconfig */;
			buildSettings = {
				GCC_PRECOMPILE_PREFIX_HEADER = YES;
				GCC_PREFIX_HEADER = "Channely/Channely-Prefix.pch";
				INFOPLIST_FILE = "Channely/Channely-Info.plist";
				PRODUCT_NAME = "$(TARGET_NAME)";
				WRAPPER_EXTENSION = app;
			};
			name = Release;
		};
		B66FDCCA16EF88A40042A36C /* Debug */ = {
			isa = XCBuildConfiguration;
			buildSettings = {
				BUNDLE_LOADER = "$(BUILT_PRODUCTS_DIR)/Channely.app/Channely";
				FRAMEWORK_SEARCH_PATHS = (
					"\"$(SDKROOT)/Developer/Library/Frameworks\"",
					"\"$(DEVELOPER_LIBRARY_DIR)/Frameworks\"",
				);
				GCC_PRECOMPILE_PREFIX_HEADER = YES;
				GCC_PREFIX_HEADER = "Channely/Channely-Prefix.pch";
				INFOPLIST_FILE = "ChannelyTests/ChannelyTests-Info.plist";
				PRODUCT_NAME = "$(TARGET_NAME)";
				TEST_HOST = "$(BUNDLE_LOADER)";
				WRAPPER_EXTENSION = octest;
			};
			name = Debug;
		};
		B66FDCCB16EF88A40042A36C /* Release */ = {
			isa = XCBuildConfiguration;
			buildSettings = {
				BUNDLE_LOADER = "$(BUILT_PRODUCTS_DIR)/Channely.app/Channely";
				FRAMEWORK_SEARCH_PATHS = (
					"\"$(SDKROOT)/Developer/Library/Frameworks\"",
					"\"$(DEVELOPER_LIBRARY_DIR)/Frameworks\"",
				);
				GCC_PRECOMPILE_PREFIX_HEADER = YES;
				GCC_PREFIX_HEADER = "Channely/Channely-Prefix.pch";
				INFOPLIST_FILE = "ChannelyTests/ChannelyTests-Info.plist";
				PRODUCT_NAME = "$(TARGET_NAME)";
				TEST_HOST = "$(BUNDLE_LOADER)";
				WRAPPER_EXTENSION = octest;
			};
			name = Release;
		};
/* End XCBuildConfiguration section */

/* Begin XCConfigurationList section */
		B66FDC7D16EF88A30042A36C /* Build configuration list for PBXProject "Channely" */ = {
			isa = XCConfigurationList;
			buildConfigurations = (
				B66FDCC416EF88A40042A36C /* Debug */,
				B66FDCC516EF88A40042A36C /* Release */,
			);
			defaultConfigurationIsVisible = 0;
			defaultConfigurationName = Release;
		};
		B66FDCC616EF88A40042A36C /* Build configuration list for PBXNativeTarget "Channely" */ = {
			isa = XCConfigurationList;
			buildConfigurations = (
				B66FDCC716EF88A40042A36C /* Debug */,
				B66FDCC816EF88A40042A36C /* Release */,
			);
			defaultConfigurationIsVisible = 0;
			defaultConfigurationName = Release;
		};
		B66FDCC916EF88A40042A36C /* Build configuration list for PBXNativeTarget "ChannelyTests" */ = {
			isa = XCConfigurationList;
			buildConfigurations = (
				B66FDCCA16EF88A40042A36C /* Debug */,
				B66FDCCB16EF88A40042A36C /* Release */,
			);
			defaultConfigurationIsVisible = 0;
			defaultConfigurationName = Release;
		};
/* End XCConfigurationList section */

/* Begin XCVersionGroup section */
		B66FDCA516EF88A40042A36C /* Channely.xcdatamodeld */ = {
			isa = XCVersionGroup;
			children = (
				B66FDCA616EF88A40042A36C /* Channely.xcdatamodel */,
			);
			currentVersion = B66FDCA616EF88A40042A36C /* Channely.xcdatamodel */;
			path = Channely.xcdatamodeld;
			sourceTree = "<group>";
			versionGroupType = wrapper.xcdatamodel;
		};
/* End XCVersionGroup section */
	};
	rootObject = B66FDC7A16EF88A30042A36C /* Project object */;
}
