// !$*UTF8*$!
{
	archiveVersion = 1;
	classes = {
	};
	objectVersion = 46;
	objects = {

/* Begin PBXBuildFile section */
		0A937FBD170F52BB000A4079 /* AnnotationUIView.m in Sources */ = {isa = PBXBuildFile; fileRef = 0A937FBC170F52BB000A4079 /* AnnotationUIView.m */; };
		0A9B21FB16FC4428008E5A23 /* MapKit.framework in Frameworks */ = {isa = PBXBuildFile; fileRef = 0ABB364816FC16A500436E06 /* MapKit.framework */; };
		0A9B21FC16FC442E008E5A23 /* CoreLocation.framework in Frameworks */ = {isa = PBXBuildFile; fileRef = 0A9B21F916FC43ED008E5A23 /* CoreLocation.framework */; };
		0A9C9E7816F301B90017FECB /* NetAssociation.m in Sources */ = {isa = PBXBuildFile; fileRef = 0A9C9E7216F301B80017FECB /* NetAssociation.m */; settings = {COMPILER_FLAGS = " -fno-objc-arc"; }; };
		0A9C9E7916F301B90017FECB /* NetworkClock.m in Sources */ = {isa = PBXBuildFile; fileRef = 0A9C9E7416F301B80017FECB /* NetworkClock.m */; settings = {COMPILER_FLAGS = " -fno-objc-arc"; }; };
		0A9C9E7A16F301B90017FECB /* NSDate+NetworkClock.m in Sources */ = {isa = PBXBuildFile; fileRef = 0A9C9E7616F301B80017FECB /* NSDate+NetworkClock.m */; settings = {COMPILER_FLAGS = " -fno-objc-arc"; }; };
		0A9C9E8E16F304970017FECB /* ntp.hosts in Resources */ = {isa = PBXBuildFile; fileRef = 0A9C9E8D16F304960017FECB /* ntp.hosts */; };
		0A9EC53A170EEE80002D60D1 /* DiscoveryService.m in Sources */ = {isa = PBXBuildFile; fileRef = 0A9EC539170EEE80002D60D1 /* DiscoveryService.m */; };
		0AA247661708430C00E5A4C0 /* MobileCoreServices.framework in Frameworks */ = {isa = PBXBuildFile; fileRef = 0AA247651708430B00E5A4C0 /* MobileCoreServices.framework */; };
		0AA2476917086A3500E5A4C0 /* AttachPickerViewController.m in Sources */ = {isa = PBXBuildFile; fileRef = 0AA2476817086A3500E5A4C0 /* AttachPickerViewController.m */; };
		0AF534F91705A03800E437F9 /* wolfdie.png in Resources */ = {isa = PBXBuildFile; fileRef = 0AF534F81705A03700E437F9 /* wolfdie.png */; };
		0AF535071705D29100E437F9 /* ChanImagePostCell.m in Sources */ = {isa = PBXBuildFile; fileRef = 0AF535021705D29100E437F9 /* ChanImagePostCell.m */; };
		0AF535081705D29100E437F9 /* ChanPostCell.m in Sources */ = {isa = PBXBuildFile; fileRef = 0AF535041705D29100E437F9 /* ChanPostCell.m */; };
		0AF535091705D29100E437F9 /* ChanTextPostCell.m in Sources */ = {isa = PBXBuildFile; fileRef = 0AF535061705D29100E437F9 /* ChanTextPostCell.m */; };
		0AF5350C1705D2E700E437F9 /* ChannelPostTableViewController.m in Sources */ = {isa = PBXBuildFile; fileRef = 0AF5350B1705D2E600E437F9 /* ChannelPostTableViewController.m */; };
		0AF535111705D2F500E437F9 /* ChannelUITableViewCell.m in Sources */ = {isa = PBXBuildFile; fileRef = 0AF5350E1705D2F500E437F9 /* ChannelUITableViewCell.m */; };
		0AF535121705D2F500E437F9 /* ChannelUITableViewController.m in Sources */ = {isa = PBXBuildFile; fileRef = 0AF535101705D2F500E437F9 /* ChannelUITableViewController.m */; };
		0AF535151705D32800E437F9 /* DiscoverViewController.m in Sources */ = {isa = PBXBuildFile; fileRef = 0AF535141705D32800E437F9 /* DiscoverViewController.m */; };
		0AF5351A1705D34300E437F9 /* ChannelAnnotation.m in Sources */ = {isa = PBXBuildFile; fileRef = 0AF535171705D34300E437F9 /* ChannelAnnotation.m */; };
		0AF5351B1705D34300E437F9 /* LocationAnnotation.m in Sources */ = {isa = PBXBuildFile; fileRef = 0AF535191705D34300E437F9 /* LocationAnnotation.m */; };
		0AF5351E1705D36500E437F9 /* ChanHiddenTabBarController.m in Sources */ = {isa = PBXBuildFile; fileRef = 0AF5351D1705D36500E437F9 /* ChanHiddenTabBarController.m */; };
		0AF535211705D39200E437F9 /* ChannelViewController.m in Sources */ = {isa = PBXBuildFile; fileRef = 0AF535201705D39100E437F9 /* ChannelViewController.m */; };
		0AF535241705D40000E437F9 /* SearchViewController.m in Sources */ = {isa = PBXBuildFile; fileRef = 0AF535231705D40000E437F9 /* SearchViewController.m */; };
		37A6F10E2EF44B479165CDF8 /* libPods.a in Frameworks */ = {isa = PBXBuildFile; fileRef = 2D156770FCBB4A9BB0AFBE5B /* libPods.a */; };
		4A33C83C16F207AD009BA571 /* AVFoundation.framework in Frameworks */ = {isa = PBXBuildFile; fileRef = 4A33C83B16F207AD009BA571 /* AVFoundation.framework */; };
		4A59D1DD1705E43D00D04B6F /* ChunkingVideoRecorder.m in Sources */ = {isa = PBXBuildFile; fileRef = 4A59D1D91705E43D00D04B6F /* ChunkingVideoRecorder.m */; };
		4A59D1DE1705E43D00D04B6F /* TimedChunkingVideoRecorder.m in Sources */ = {isa = PBXBuildFile; fileRef = 4A59D1DC1705E43D00D04B6F /* TimedChunkingVideoRecorder.m */; };
		4AE16EE2170DF6E500573A4B /* HLSChunkDownloadMetaData.m in Sources */ = {isa = PBXBuildFile; fileRef = 4AE16ED9170DF6E500573A4B /* HLSChunkDownloadMetaData.m */; };
		4AE16EE3170DF6E500573A4B /* HLSChunkDownloadOperation.m in Sources */ = {isa = PBXBuildFile; fileRef = 4AE16EDB170DF6E500573A4B /* HLSChunkDownloadOperation.m */; };
		4AE16EE4170DF6E500573A4B /* HLSEventPlaylistHelper.m in Sources */ = {isa = PBXBuildFile; fileRef = 4AE16EDD170DF6E500573A4B /* HLSEventPlaylistHelper.m */; };
		4AE16EE5170DF6E500573A4B /* HLSStreamDownloader.m in Sources */ = {isa = PBXBuildFile; fileRef = 4AE16EDF170DF6E500573A4B /* HLSStreamDownloader.m */; };
		4AE16EE6170DF6E500573A4B /* HLSUtility.m in Sources */ = {isa = PBXBuildFile; fileRef = 4AE16EE1170DF6E500573A4B /* HLSUtility.m */; };
		B6386664170466D700800FBE /* ChanHLSChunk.m in Sources */ = {isa = PBXBuildFile; fileRef = B6386663170466D700800FBE /* ChanHLSChunk.m */; };
		B6386667170466D700800FBE /* ChanImagePost.m in Sources */ = {isa = PBXBuildFile; fileRef = B6386666170466D700800FBE /* ChanImagePost.m */; };
		B638666A170466D700800FBE /* ChanTwitterPost.m in Sources */ = {isa = PBXBuildFile; fileRef = B6386669170466D700800FBE /* ChanTwitterPost.m */; };
		B638666D170466D700800FBE /* ChanChannel.m in Sources */ = {isa = PBXBuildFile; fileRef = B638666C170466D700800FBE /* ChanChannel.m */; };
		B6386676170466D700800FBE /* ChanVideoPost.m in Sources */ = {isa = PBXBuildFile; fileRef = B6386675170466D700800FBE /* ChanVideoPost.m */; };
		B6386679170466D700800FBE /* ChanHLSRecording.m in Sources */ = {isa = PBXBuildFile; fileRef = B6386678170466D700800FBE /* ChanHLSRecording.m */; };
		B638667C170466D800800FBE /* ChanInstagramPost.m in Sources */ = {isa = PBXBuildFile; fileRef = B638667B170466D800800FBE /* ChanInstagramPost.m */; };
		B6386682170466D800800FBE /* ChanTextPost.m in Sources */ = {isa = PBXBuildFile; fileRef = B6386681170466D800800FBE /* ChanTextPost.m */; };
		B6386685170467A500800FBE /* ChanEvent.m in Sources */ = {isa = PBXBuildFile; fileRef = B6386684170467A500800FBE /* ChanEvent.m */; };
		B6386688170467E400800FBE /* ChanPost.m in Sources */ = {isa = PBXBuildFile; fileRef = B6386687170467E400800FBE /* ChanPost.m */; };
		B638668B170467E400800FBE /* ChanUser.m in Sources */ = {isa = PBXBuildFile; fileRef = B638668A170467E400800FBE /* ChanUser.m */; };
		B66FDC8616EF88A30042A36C /* UIKit.framework in Frameworks */ = {isa = PBXBuildFile; fileRef = B66FDC8516EF88A30042A36C /* UIKit.framework */; };
		B66FDC8816EF88A30042A36C /* Foundation.framework in Frameworks */ = {isa = PBXBuildFile; fileRef = B66FDC8716EF88A30042A36C /* Foundation.framework */; };
		B66FDC8A16EF88A30042A36C /* CoreGraphics.framework in Frameworks */ = {isa = PBXBuildFile; fileRef = B66FDC8916EF88A30042A36C /* CoreGraphics.framework */; };
		B66FDC8C16EF88A30042A36C /* CoreData.framework in Frameworks */ = {isa = PBXBuildFile; fileRef = B66FDC8B16EF88A30042A36C /* CoreData.framework */; };
		B66FDC9216EF88A30042A36C /* InfoPlist.strings in Resources */ = {isa = PBXBuildFile; fileRef = B66FDC9016EF88A30042A36C /* InfoPlist.strings */; };
		B66FDC9416EF88A30042A36C /* main.m in Sources */ = {isa = PBXBuildFile; fileRef = B66FDC9316EF88A30042A36C /* main.m */; };
		B66FDC9816EF88A30042A36C /* ChanAppDelegate.m in Sources */ = {isa = PBXBuildFile; fileRef = B66FDC9716EF88A30042A36C /* ChanAppDelegate.m */; };
		B66FDC9A16EF88A30042A36C /* Default.png in Resources */ = {isa = PBXBuildFile; fileRef = B66FDC9916EF88A30042A36C /* Default.png */; };
		B66FDC9C16EF88A30042A36C /* Default@2x.png in Resources */ = {isa = PBXBuildFile; fileRef = B66FDC9B16EF88A30042A36C /* Default@2x.png */; };
		B66FDC9E16EF88A40042A36C /* Default-568h@2x.png in Resources */ = {isa = PBXBuildFile; fileRef = B66FDC9D16EF88A30042A36C /* Default-568h@2x.png */; };
		B66FDCA116EF88A40042A36C /* MainStoryboard_iPhone.storyboard in Resources */ = {isa = PBXBuildFile; fileRef = B66FDC9F16EF88A40042A36C /* MainStoryboard_iPhone.storyboard */; };
		B66FDCA416EF88A40042A36C /* MainStoryboard_iPad.storyboard in Resources */ = {isa = PBXBuildFile; fileRef = B66FDCA216EF88A40042A36C /* MainStoryboard_iPad.storyboard */; };
		B66FDCA716EF88A40042A36C /* Channely.xcdatamodeld in Sources */ = {isa = PBXBuildFile; fileRef = B66FDCA516EF88A40042A36C /* Channely.xcdatamodeld */; };
		B66FDCAD16EF88A40042A36C /* ChanDetailViewController.m in Sources */ = {isa = PBXBuildFile; fileRef = B66FDCAC16EF88A40042A36C /* ChanDetailViewController.m */; };
		B66FDCB516EF88A40042A36C /* SenTestingKit.framework in Frameworks */ = {isa = PBXBuildFile; fileRef = B66FDCB416EF88A40042A36C /* SenTestingKit.framework */; };
		B66FDCB616EF88A40042A36C /* UIKit.framework in Frameworks */ = {isa = PBXBuildFile; fileRef = B66FDC8516EF88A30042A36C /* UIKit.framework */; };
		B66FDCB716EF88A40042A36C /* Foundation.framework in Frameworks */ = {isa = PBXBuildFile; fileRef = B66FDC8716EF88A30042A36C /* Foundation.framework */; };
		B66FDCB816EF88A40042A36C /* CoreData.framework in Frameworks */ = {isa = PBXBuildFile; fileRef = B66FDC8B16EF88A30042A36C /* CoreData.framework */; };
		B66FDCC016EF88A40042A36C /* InfoPlist.strings in Resources */ = {isa = PBXBuildFile; fileRef = B66FDCBE16EF88A40042A36C /* InfoPlist.strings */; };
		B66FDCC316EF88A40042A36C /* ChannelyTests.m in Sources */ = {isa = PBXBuildFile; fileRef = B66FDCC216EF88A40042A36C /* ChannelyTests.m */; };
		B68B8192170DBA34001B6986 /* ChanMenuViewController.m in Sources */ = {isa = PBXBuildFile; fileRef = B68B8191170DBA34001B6986 /* ChanMenuViewController.m */; };
		B6BC272A1707D97500A783A8 /* ChanRestKitObjectMappings.m in Sources */ = {isa = PBXBuildFile; fileRef = B6BC27291707D97500A783A8 /* ChanRestKitObjectMappings.m */; };
		B6F480201706C80F0005029D /* _ChanChannel.m in Sources */ = {isa = PBXBuildFile; fileRef = B6F4800B1706C80F0005029D /* _ChanChannel.m */; };
		B6F480211706C80F0005029D /* _ChanEvent.m in Sources */ = {isa = PBXBuildFile; fileRef = B6F4800D1706C80F0005029D /* _ChanEvent.m */; };
		B6F480221706C80F0005029D /* _ChanHLSChunk.m in Sources */ = {isa = PBXBuildFile; fileRef = B6F4800F1706C80F0005029D /* _ChanHLSChunk.m */; };
		B6F480231706C80F0005029D /* _ChanHLSRecording.m in Sources */ = {isa = PBXBuildFile; fileRef = B6F480111706C80F0005029D /* _ChanHLSRecording.m */; };
		B6F480241706C80F0005029D /* _ChanImagePost.m in Sources */ = {isa = PBXBuildFile; fileRef = B6F480131706C80F0005029D /* _ChanImagePost.m */; };
		B6F480251706C80F0005029D /* _ChanInstagramPost.m in Sources */ = {isa = PBXBuildFile; fileRef = B6F480151706C80F0005029D /* _ChanInstagramPost.m */; };
		B6F480261706C80F0005029D /* _ChanPost.m in Sources */ = {isa = PBXBuildFile; fileRef = B6F480171706C80F0005029D /* _ChanPost.m */; };
		B6F480271706C80F0005029D /* _ChanTextPost.m in Sources */ = {isa = PBXBuildFile; fileRef = B6F480191706C80F0005029D /* _ChanTextPost.m */; };
		B6F480281706C80F0005029D /* _ChanTwitterPost.m in Sources */ = {isa = PBXBuildFile; fileRef = B6F4801B1706C80F0005029D /* _ChanTwitterPost.m */; };
		B6F480291706C80F0005029D /* _ChanUser.m in Sources */ = {isa = PBXBuildFile; fileRef = B6F4801D1706C80F0005029D /* _ChanUser.m */; };
		B6F4802A1706C80F0005029D /* _ChanVideoPost.m in Sources */ = {isa = PBXBuildFile; fileRef = B6F4801F1706C80F0005029D /* _ChanVideoPost.m */; };
/* End PBXBuildFile section */

/* Begin PBXContainerItemProxy section */
		B66FDCB916EF88A40042A36C /* PBXContainerItemProxy */ = {
			isa = PBXContainerItemProxy;
			containerPortal = B66FDC7A16EF88A30042A36C /* Project object */;
			proxyType = 1;
			remoteGlobalIDString = B66FDC8116EF88A30042A36C;
			remoteInfo = Channely;
		};
/* End PBXContainerItemProxy section */

/* Begin PBXFileReference section */
		0A937FBB170F52BB000A4079 /* AnnotationUIView.h */ = {isa = PBXFileReference; fileEncoding = 4; lastKnownFileType = sourcecode.c.h; path = AnnotationUIView.h; sourceTree = "<group>"; };
		0A937FBC170F52BB000A4079 /* AnnotationUIView.m */ = {isa = PBXFileReference; fileEncoding = 4; lastKnownFileType = sourcecode.c.objc; path = AnnotationUIView.m; sourceTree = "<group>"; };
		0A9B21F916FC43ED008E5A23 /* CoreLocation.framework */ = {isa = PBXFileReference; lastKnownFileType = wrapper.framework; name = CoreLocation.framework; path = System/Library/Frameworks/CoreLocation.framework; sourceTree = SDKROOT; };
		0A9C9E7016F301B80017FECB /* ios-ntp.h */ = {isa = PBXFileReference; fileEncoding = 4; lastKnownFileType = sourcecode.c.h; path = "ios-ntp.h"; sourceTree = "<group>"; };
		0A9C9E7116F301B80017FECB /* NetAssociation.h */ = {isa = PBXFileReference; fileEncoding = 4; lastKnownFileType = sourcecode.c.h; path = NetAssociation.h; sourceTree = "<group>"; };
		0A9C9E7216F301B80017FECB /* NetAssociation.m */ = {isa = PBXFileReference; fileEncoding = 4; lastKnownFileType = sourcecode.c.objc; path = NetAssociation.m; sourceTree = "<group>"; };
		0A9C9E7316F301B80017FECB /* NetworkClock.h */ = {isa = PBXFileReference; fileEncoding = 4; lastKnownFileType = sourcecode.c.h; path = NetworkClock.h; sourceTree = "<group>"; };
		0A9C9E7416F301B80017FECB /* NetworkClock.m */ = {isa = PBXFileReference; fileEncoding = 4; lastKnownFileType = sourcecode.c.objc; path = NetworkClock.m; sourceTree = "<group>"; };
		0A9C9E7516F301B80017FECB /* NSDate+NetworkClock.h */ = {isa = PBXFileReference; fileEncoding = 4; lastKnownFileType = sourcecode.c.h; path = "NSDate+NetworkClock.h"; sourceTree = "<group>"; };
		0A9C9E7616F301B80017FECB /* NSDate+NetworkClock.m */ = {isa = PBXFileReference; fileEncoding = 4; lastKnownFileType = sourcecode.c.objc; path = "NSDate+NetworkClock.m"; sourceTree = "<group>"; };
		0A9C9E7716F301B80017FECB /* SynthesizeSingleton.h */ = {isa = PBXFileReference; fileEncoding = 4; lastKnownFileType = sourcecode.c.h; path = SynthesizeSingleton.h; sourceTree = "<group>"; };
		0A9C9E8D16F304960017FECB /* ntp.hosts */ = {isa = PBXFileReference; fileEncoding = 4; lastKnownFileType = text; name = ntp.hosts; path = Channely/ntp.hosts; sourceTree = "<group>"; };
		0A9EC538170EEE80002D60D1 /* DiscoveryService.h */ = {isa = PBXFileReference; fileEncoding = 4; lastKnownFileType = sourcecode.c.h; path = DiscoveryService.h; sourceTree = "<group>"; };
		0A9EC539170EEE80002D60D1 /* DiscoveryService.m */ = {isa = PBXFileReference; fileEncoding = 4; lastKnownFileType = sourcecode.c.objc; path = DiscoveryService.m; sourceTree = "<group>"; };
		0AA247651708430B00E5A4C0 /* MobileCoreServices.framework */ = {isa = PBXFileReference; lastKnownFileType = wrapper.framework; name = MobileCoreServices.framework; path = System/Library/Frameworks/MobileCoreServices.framework; sourceTree = SDKROOT; };
		0AA2476717086A3500E5A4C0 /* AttachPickerViewController.h */ = {isa = PBXFileReference; fileEncoding = 4; lastKnownFileType = sourcecode.c.h; name = AttachPickerViewController.h; path = Channely/AttachPickerViewController.h; sourceTree = "<group>"; };
		0AA2476817086A3500E5A4C0 /* AttachPickerViewController.m */ = {isa = PBXFileReference; fileEncoding = 4; lastKnownFileType = sourcecode.c.objc; name = AttachPickerViewController.m; path = Channely/AttachPickerViewController.m; sourceTree = "<group>"; };
		0ABB364816FC16A500436E06 /* MapKit.framework */ = {isa = PBXFileReference; lastKnownFileType = wrapper.framework; name = MapKit.framework; path = System/Library/Frameworks/MapKit.framework; sourceTree = SDKROOT; };
		0AF534F81705A03700E437F9 /* wolfdie.png */ = {isa = PBXFileReference; lastKnownFileType = image.png; path = wolfdie.png; sourceTree = "<group>"; };
		0AF535011705D29100E437F9 /* ChanImagePostCell.h */ = {isa = PBXFileReference; fileEncoding = 4; lastKnownFileType = sourcecode.c.h; name = ChanImagePostCell.h; path = Channely/ChanImagePostCell.h; sourceTree = "<group>"; };
		0AF535021705D29100E437F9 /* ChanImagePostCell.m */ = {isa = PBXFileReference; fileEncoding = 4; lastKnownFileType = sourcecode.c.objc; name = ChanImagePostCell.m; path = Channely/ChanImagePostCell.m; sourceTree = "<group>"; };
		0AF535031705D29100E437F9 /* ChanPostCell.h */ = {isa = PBXFileReference; fileEncoding = 4; lastKnownFileType = sourcecode.c.h; name = ChanPostCell.h; path = Channely/ChanPostCell.h; sourceTree = "<group>"; };
		0AF535041705D29100E437F9 /* ChanPostCell.m */ = {isa = PBXFileReference; fileEncoding = 4; lastKnownFileType = sourcecode.c.objc; name = ChanPostCell.m; path = Channely/ChanPostCell.m; sourceTree = "<group>"; };
		0AF535051705D29100E437F9 /* ChanTextPostCell.h */ = {isa = PBXFileReference; fileEncoding = 4; lastKnownFileType = sourcecode.c.h; name = ChanTextPostCell.h; path = Channely/ChanTextPostCell.h; sourceTree = "<group>"; };
		0AF535061705D29100E437F9 /* ChanTextPostCell.m */ = {isa = PBXFileReference; fileEncoding = 4; lastKnownFileType = sourcecode.c.objc; name = ChanTextPostCell.m; path = Channely/ChanTextPostCell.m; sourceTree = "<group>"; };
		0AF5350A1705D2E600E437F9 /* ChannelPostTableViewController.h */ = {isa = PBXFileReference; fileEncoding = 4; lastKnownFileType = sourcecode.c.h; name = ChannelPostTableViewController.h; path = Channely/ChannelPostTableViewController.h; sourceTree = "<group>"; };
		0AF5350B1705D2E600E437F9 /* ChannelPostTableViewController.m */ = {isa = PBXFileReference; fileEncoding = 4; lastKnownFileType = sourcecode.c.objc; name = ChannelPostTableViewController.m; path = Channely/ChannelPostTableViewController.m; sourceTree = "<group>"; };
		0AF5350D1705D2F500E437F9 /* ChannelUITableViewCell.h */ = {isa = PBXFileReference; fileEncoding = 4; lastKnownFileType = sourcecode.c.h; name = ChannelUITableViewCell.h; path = Channely/ChannelUITableViewCell.h; sourceTree = "<group>"; };
		0AF5350E1705D2F500E437F9 /* ChannelUITableViewCell.m */ = {isa = PBXFileReference; fileEncoding = 4; lastKnownFileType = sourcecode.c.objc; name = ChannelUITableViewCell.m; path = Channely/ChannelUITableViewCell.m; sourceTree = "<group>"; };
		0AF5350F1705D2F500E437F9 /* ChannelUITableViewController.h */ = {isa = PBXFileReference; fileEncoding = 4; lastKnownFileType = sourcecode.c.h; name = ChannelUITableViewController.h; path = Channely/ChannelUITableViewController.h; sourceTree = "<group>"; };
		0AF535101705D2F500E437F9 /* ChannelUITableViewController.m */ = {isa = PBXFileReference; fileEncoding = 4; lastKnownFileType = sourcecode.c.objc; name = ChannelUITableViewController.m; path = Channely/ChannelUITableViewController.m; sourceTree = "<group>"; };
		0AF535131705D32800E437F9 /* DiscoverViewController.h */ = {isa = PBXFileReference; fileEncoding = 4; lastKnownFileType = sourcecode.c.h; name = DiscoverViewController.h; path = Channely/DiscoverViewController.h; sourceTree = "<group>"; };
		0AF535141705D32800E437F9 /* DiscoverViewController.m */ = {isa = PBXFileReference; fileEncoding = 4; lastKnownFileType = sourcecode.c.objc; name = DiscoverViewController.m; path = Channely/DiscoverViewController.m; sourceTree = "<group>"; };
		0AF535161705D34300E437F9 /* ChannelAnnotation.h */ = {isa = PBXFileReference; fileEncoding = 4; lastKnownFileType = sourcecode.c.h; name = ChannelAnnotation.h; path = Channely/ChannelAnnotation.h; sourceTree = "<group>"; };
		0AF535171705D34300E437F9 /* ChannelAnnotation.m */ = {isa = PBXFileReference; fileEncoding = 4; lastKnownFileType = sourcecode.c.objc; name = ChannelAnnotation.m; path = Channely/ChannelAnnotation.m; sourceTree = "<group>"; };
		0AF535181705D34300E437F9 /* LocationAnnotation.h */ = {isa = PBXFileReference; fileEncoding = 4; lastKnownFileType = sourcecode.c.h; name = LocationAnnotation.h; path = Channely/LocationAnnotation.h; sourceTree = "<group>"; };
		0AF535191705D34300E437F9 /* LocationAnnotation.m */ = {isa = PBXFileReference; fileEncoding = 4; lastKnownFileType = sourcecode.c.objc; name = LocationAnnotation.m; path = Channely/LocationAnnotation.m; sourceTree = "<group>"; };
		0AF5351C1705D36500E437F9 /* ChanHiddenTabBarController.h */ = {isa = PBXFileReference; fileEncoding = 4; lastKnownFileType = sourcecode.c.h; name = ChanHiddenTabBarController.h; path = Channely/ChanHiddenTabBarController.h; sourceTree = "<group>"; };
		0AF5351D1705D36500E437F9 /* ChanHiddenTabBarController.m */ = {isa = PBXFileReference; fileEncoding = 4; lastKnownFileType = sourcecode.c.objc; name = ChanHiddenTabBarController.m; path = Channely/ChanHiddenTabBarController.m; sourceTree = "<group>"; };
		0AF5351F1705D39100E437F9 /* ChannelViewController.h */ = {isa = PBXFileReference; fileEncoding = 4; lastKnownFileType = sourcecode.c.h; name = ChannelViewController.h; path = Channely/ChannelViewController.h; sourceTree = "<group>"; };
		0AF535201705D39100E437F9 /* ChannelViewController.m */ = {isa = PBXFileReference; fileEncoding = 4; lastKnownFileType = sourcecode.c.objc; name = ChannelViewController.m; path = Channely/ChannelViewController.m; sourceTree = "<group>"; };
		0AF535221705D40000E437F9 /* SearchViewController.h */ = {isa = PBXFileReference; fileEncoding = 4; lastKnownFileType = sourcecode.c.h; name = SearchViewController.h; path = Channely/SearchViewController.h; sourceTree = "<group>"; };
		0AF535231705D40000E437F9 /* SearchViewController.m */ = {isa = PBXFileReference; fileEncoding = 4; lastKnownFileType = sourcecode.c.objc; name = SearchViewController.m; path = Channely/SearchViewController.m; sourceTree = "<group>"; };
		2D156770FCBB4A9BB0AFBE5B /* libPods.a */ = {isa = PBXFileReference; explicitFileType = archive.ar; includeInIndex = 0; path = libPods.a; sourceTree = BUILT_PRODUCTS_DIR; };
		4A33C83B16F207AD009BA571 /* AVFoundation.framework */ = {isa = PBXFileReference; lastKnownFileType = wrapper.framework; name = AVFoundation.framework; path = System/Library/Frameworks/AVFoundation.framework; sourceTree = SDKROOT; };
		4A59D1D81705E43D00D04B6F /* ChunkingVideoRecorder.h */ = {isa = PBXFileReference; fileEncoding = 4; lastKnownFileType = sourcecode.c.h; path = ChunkingVideoRecorder.h; sourceTree = "<group>"; };
		4A59D1D91705E43D00D04B6F /* ChunkingVideoRecorder.m */ = {isa = PBXFileReference; fileEncoding = 4; lastKnownFileType = sourcecode.c.objc; path = ChunkingVideoRecorder.m; sourceTree = "<group>"; };
		4A59D1DA1705E43D00D04B6F /* ChunkingVideoRecorderDelegate.h */ = {isa = PBXFileReference; fileEncoding = 4; lastKnownFileType = sourcecode.c.h; path = ChunkingVideoRecorderDelegate.h; sourceTree = "<group>"; };
		4A59D1DB1705E43D00D04B6F /* TimedChunkingVideoRecorder.h */ = {isa = PBXFileReference; fileEncoding = 4; lastKnownFileType = sourcecode.c.h; path = TimedChunkingVideoRecorder.h; sourceTree = "<group>"; };
		4A59D1DC1705E43D00D04B6F /* TimedChunkingVideoRecorder.m */ = {isa = PBXFileReference; fileEncoding = 4; lastKnownFileType = sourcecode.c.objc; path = TimedChunkingVideoRecorder.m; sourceTree = "<group>"; };
		4AE16ED8170DF6E500573A4B /* HLSChunkDownloadMetaData.h */ = {isa = PBXFileReference; fileEncoding = 4; lastKnownFileType = sourcecode.c.h; path = HLSChunkDownloadMetaData.h; sourceTree = "<group>"; };
		4AE16ED9170DF6E500573A4B /* HLSChunkDownloadMetaData.m */ = {isa = PBXFileReference; fileEncoding = 4; lastKnownFileType = sourcecode.c.objc; path = HLSChunkDownloadMetaData.m; sourceTree = "<group>"; };
		4AE16EDA170DF6E500573A4B /* HLSChunkDownloadOperation.h */ = {isa = PBXFileReference; fileEncoding = 4; lastKnownFileType = sourcecode.c.h; path = HLSChunkDownloadOperation.h; sourceTree = "<group>"; };
		4AE16EDB170DF6E500573A4B /* HLSChunkDownloadOperation.m */ = {isa = PBXFileReference; fileEncoding = 4; lastKnownFileType = sourcecode.c.objc; path = HLSChunkDownloadOperation.m; sourceTree = "<group>"; };
		4AE16EDC170DF6E500573A4B /* HLSEventPlaylistHelper.h */ = {isa = PBXFileReference; fileEncoding = 4; lastKnownFileType = sourcecode.c.h; path = HLSEventPlaylistHelper.h; sourceTree = "<group>"; };
		4AE16EDD170DF6E500573A4B /* HLSEventPlaylistHelper.m */ = {isa = PBXFileReference; fileEncoding = 4; lastKnownFileType = sourcecode.c.objc; path = HLSEventPlaylistHelper.m; sourceTree = "<group>"; };
		4AE16EDE170DF6E500573A4B /* HLSStreamDownloader.h */ = {isa = PBXFileReference; fileEncoding = 4; lastKnownFileType = sourcecode.c.h; path = HLSStreamDownloader.h; sourceTree = "<group>"; };
		4AE16EDF170DF6E500573A4B /* HLSStreamDownloader.m */ = {isa = PBXFileReference; fileEncoding = 4; lastKnownFileType = sourcecode.c.objc; path = HLSStreamDownloader.m; sourceTree = "<group>"; };
		4AE16EE0170DF6E500573A4B /* HLSUtility.h */ = {isa = PBXFileReference; fileEncoding = 4; lastKnownFileType = sourcecode.c.h; path = HLSUtility.h; sourceTree = "<group>"; };
		4AE16EE1170DF6E500573A4B /* HLSUtility.m */ = {isa = PBXFileReference; fileEncoding = 4; lastKnownFileType = sourcecode.c.objc; path = HLSUtility.m; sourceTree = "<group>"; };
		97663AA3EF11435B88CF1377 /* Pods.xcconfig */ = {isa = PBXFileReference; includeInIndex = 1; lastKnownFileType = text.xcconfig; name = Pods.xcconfig; path = Pods/Pods.xcconfig; sourceTree = SOURCE_ROOT; };
		B6386662170466D600800FBE /* ChanHLSChunk.h */ = {isa = PBXFileReference; fileEncoding = 4; lastKnownFileType = sourcecode.c.h; path = ChanHLSChunk.h; sourceTree = "<group>"; };
		B6386663170466D700800FBE /* ChanHLSChunk.m */ = {isa = PBXFileReference; fileEncoding = 4; lastKnownFileType = sourcecode.c.objc; path = ChanHLSChunk.m; sourceTree = "<group>"; };
		B6386665170466D700800FBE /* ChanImagePost.h */ = {isa = PBXFileReference; fileEncoding = 4; lastKnownFileType = sourcecode.c.h; path = ChanImagePost.h; sourceTree = "<group>"; };
		B6386666170466D700800FBE /* ChanImagePost.m */ = {isa = PBXFileReference; fileEncoding = 4; lastKnownFileType = sourcecode.c.objc; path = ChanImagePost.m; sourceTree = "<group>"; };
		B6386668170466D700800FBE /* ChanTwitterPost.h */ = {isa = PBXFileReference; fileEncoding = 4; lastKnownFileType = sourcecode.c.h; path = ChanTwitterPost.h; sourceTree = "<group>"; };
		B6386669170466D700800FBE /* ChanTwitterPost.m */ = {isa = PBXFileReference; fileEncoding = 4; lastKnownFileType = sourcecode.c.objc; path = ChanTwitterPost.m; sourceTree = "<group>"; };
		B638666B170466D700800FBE /* ChanChannel.h */ = {isa = PBXFileReference; fileEncoding = 4; lastKnownFileType = sourcecode.c.h; path = ChanChannel.h; sourceTree = "<group>"; };
		B638666C170466D700800FBE /* ChanChannel.m */ = {isa = PBXFileReference; fileEncoding = 4; lastKnownFileType = sourcecode.c.objc; path = ChanChannel.m; sourceTree = "<group>"; };
		B6386674170466D700800FBE /* ChanVideoPost.h */ = {isa = PBXFileReference; fileEncoding = 4; lastKnownFileType = sourcecode.c.h; path = ChanVideoPost.h; sourceTree = "<group>"; };
		B6386675170466D700800FBE /* ChanVideoPost.m */ = {isa = PBXFileReference; fileEncoding = 4; lastKnownFileType = sourcecode.c.objc; path = ChanVideoPost.m; sourceTree = "<group>"; };
		B6386677170466D700800FBE /* ChanHLSRecording.h */ = {isa = PBXFileReference; fileEncoding = 4; lastKnownFileType = sourcecode.c.h; path = ChanHLSRecording.h; sourceTree = "<group>"; };
		B6386678170466D700800FBE /* ChanHLSRecording.m */ = {isa = PBXFileReference; fileEncoding = 4; lastKnownFileType = sourcecode.c.objc; path = ChanHLSRecording.m; sourceTree = "<group>"; };
		B638667A170466D800800FBE /* ChanInstagramPost.h */ = {isa = PBXFileReference; fileEncoding = 4; lastKnownFileType = sourcecode.c.h; path = ChanInstagramPost.h; sourceTree = "<group>"; };
		B638667B170466D800800FBE /* ChanInstagramPost.m */ = {isa = PBXFileReference; fileEncoding = 4; lastKnownFileType = sourcecode.c.objc; path = ChanInstagramPost.m; sourceTree = "<group>"; };
		B6386680170466D800800FBE /* ChanTextPost.h */ = {isa = PBXFileReference; fileEncoding = 4; lastKnownFileType = sourcecode.c.h; path = ChanTextPost.h; sourceTree = "<group>"; };
		B6386681170466D800800FBE /* ChanTextPost.m */ = {isa = PBXFileReference; fileEncoding = 4; lastKnownFileType = sourcecode.c.objc; path = ChanTextPost.m; sourceTree = "<group>"; };
		B6386683170467A500800FBE /* ChanEvent.h */ = {isa = PBXFileReference; fileEncoding = 4; lastKnownFileType = sourcecode.c.h; path = ChanEvent.h; sourceTree = "<group>"; };
		B6386684170467A500800FBE /* ChanEvent.m */ = {isa = PBXFileReference; fileEncoding = 4; lastKnownFileType = sourcecode.c.objc; path = ChanEvent.m; sourceTree = "<group>"; };
		B6386686170467E400800FBE /* ChanPost.h */ = {isa = PBXFileReference; fileEncoding = 4; lastKnownFileType = sourcecode.c.h; path = ChanPost.h; sourceTree = "<group>"; };
		B6386687170467E400800FBE /* ChanPost.m */ = {isa = PBXFileReference; fileEncoding = 4; lastKnownFileType = sourcecode.c.objc; path = ChanPost.m; sourceTree = "<group>"; };
		B6386689170467E400800FBE /* ChanUser.h */ = {isa = PBXFileReference; fileEncoding = 4; lastKnownFileType = sourcecode.c.h; path = ChanUser.h; sourceTree = "<group>"; };
		B638668A170467E400800FBE /* ChanUser.m */ = {isa = PBXFileReference; fileEncoding = 4; lastKnownFileType = sourcecode.c.objc; path = ChanUser.m; sourceTree = "<group>"; };
		B66FDC8216EF88A30042A36C /* Channely.app */ = {isa = PBXFileReference; explicitFileType = wrapper.application; includeInIndex = 0; path = Channely.app; sourceTree = BUILT_PRODUCTS_DIR; };
		B66FDC8516EF88A30042A36C /* UIKit.framework */ = {isa = PBXFileReference; lastKnownFileType = wrapper.framework; name = UIKit.framework; path = System/Library/Frameworks/UIKit.framework; sourceTree = SDKROOT; };
		B66FDC8716EF88A30042A36C /* Foundation.framework */ = {isa = PBXFileReference; lastKnownFileType = wrapper.framework; name = Foundation.framework; path = System/Library/Frameworks/Foundation.framework; sourceTree = SDKROOT; };
		B66FDC8916EF88A30042A36C /* CoreGraphics.framework */ = {isa = PBXFileReference; lastKnownFileType = wrapper.framework; name = CoreGraphics.framework; path = System/Library/Frameworks/CoreGraphics.framework; sourceTree = SDKROOT; };
		B66FDC8B16EF88A30042A36C /* CoreData.framework */ = {isa = PBXFileReference; lastKnownFileType = wrapper.framework; name = CoreData.framework; path = System/Library/Frameworks/CoreData.framework; sourceTree = SDKROOT; };
		B66FDC8F16EF88A30042A36C /* Channely-Info.plist */ = {isa = PBXFileReference; lastKnownFileType = text.plist.xml; path = "Channely-Info.plist"; sourceTree = "<group>"; };
		B66FDC9116EF88A30042A36C /* en */ = {isa = PBXFileReference; lastKnownFileType = text.plist.strings; name = en; path = en.lproj/InfoPlist.strings; sourceTree = "<group>"; };
		B66FDC9316EF88A30042A36C /* main.m */ = {isa = PBXFileReference; lastKnownFileType = sourcecode.c.objc; path = main.m; sourceTree = "<group>"; };
		B66FDC9516EF88A30042A36C /* Channely-Prefix.pch */ = {isa = PBXFileReference; lastKnownFileType = sourcecode.c.h; path = "Channely-Prefix.pch"; sourceTree = "<group>"; };
		B66FDC9616EF88A30042A36C /* ChanAppDelegate.h */ = {isa = PBXFileReference; lastKnownFileType = sourcecode.c.h; path = ChanAppDelegate.h; sourceTree = "<group>"; };
		B66FDC9716EF88A30042A36C /* ChanAppDelegate.m */ = {isa = PBXFileReference; lastKnownFileType = sourcecode.c.objc; path = ChanAppDelegate.m; sourceTree = "<group>"; };
		B66FDC9916EF88A30042A36C /* Default.png */ = {isa = PBXFileReference; lastKnownFileType = image.png; path = Default.png; sourceTree = "<group>"; };
		B66FDC9B16EF88A30042A36C /* Default@2x.png */ = {isa = PBXFileReference; lastKnownFileType = image.png; path = "Default@2x.png"; sourceTree = "<group>"; };
		B66FDC9D16EF88A30042A36C /* Default-568h@2x.png */ = {isa = PBXFileReference; lastKnownFileType = image.png; path = "Default-568h@2x.png"; sourceTree = "<group>"; };
		B66FDCA016EF88A40042A36C /* en */ = {isa = PBXFileReference; lastKnownFileType = file.storyboard; name = en; path = en.lproj/MainStoryboard_iPhone.storyboard; sourceTree = "<group>"; };
		B66FDCA316EF88A40042A36C /* en */ = {isa = PBXFileReference; lastKnownFileType = file.storyboard; name = en; path = en.lproj/MainStoryboard_iPad.storyboard; sourceTree = "<group>"; };
		B66FDCA616EF88A40042A36C /* Channely.xcdatamodel */ = {isa = PBXFileReference; lastKnownFileType = wrapper.xcdatamodel; path = Channely.xcdatamodel; sourceTree = "<group>"; };
		B66FDCA816EF88A40042A36C /* ChanMasterViewController.h */ = {isa = PBXFileReference; lastKnownFileType = sourcecode.c.h; path = ChanMasterViewController.h; sourceTree = "<group>"; };
		B66FDCA916EF88A40042A36C /* ChanMasterViewController.m */ = {isa = PBXFileReference; lastKnownFileType = sourcecode.c.objc; path = ChanMasterViewController.m; sourceTree = "<group>"; };
		B66FDCAB16EF88A40042A36C /* ChanDetailViewController.h */ = {isa = PBXFileReference; lastKnownFileType = sourcecode.c.h; name = ChanDetailViewController.h; path = Channely/ChanDetailViewController.h; sourceTree = "<group>"; };
		B66FDCAC16EF88A40042A36C /* ChanDetailViewController.m */ = {isa = PBXFileReference; lastKnownFileType = sourcecode.c.objc; name = ChanDetailViewController.m; path = Channely/ChanDetailViewController.m; sourceTree = "<group>"; };
		B66FDCB316EF88A40042A36C /* ChannelyTests.octest */ = {isa = PBXFileReference; explicitFileType = wrapper.cfbundle; includeInIndex = 0; path = ChannelyTests.octest; sourceTree = BUILT_PRODUCTS_DIR; };
		B66FDCB416EF88A40042A36C /* SenTestingKit.framework */ = {isa = PBXFileReference; lastKnownFileType = wrapper.framework; name = SenTestingKit.framework; path = Library/Frameworks/SenTestingKit.framework; sourceTree = DEVELOPER_DIR; };
		B66FDCBD16EF88A40042A36C /* ChannelyTests-Info.plist */ = {isa = PBXFileReference; lastKnownFileType = text.plist.xml; path = "ChannelyTests-Info.plist"; sourceTree = "<group>"; };
		B66FDCBF16EF88A40042A36C /* en */ = {isa = PBXFileReference; lastKnownFileType = text.plist.strings; name = en; path = en.lproj/InfoPlist.strings; sourceTree = "<group>"; };
		B66FDCC116EF88A40042A36C /* ChannelyTests.h */ = {isa = PBXFileReference; lastKnownFileType = sourcecode.c.h; path = ChannelyTests.h; sourceTree = "<group>"; };
		B66FDCC216EF88A40042A36C /* ChannelyTests.m */ = {isa = PBXFileReference; lastKnownFileType = sourcecode.c.objc; path = ChannelyTests.m; sourceTree = "<group>"; };
		B68B818F170D57C3001B6986 /* ChanAPIEndpoints.h */ = {isa = PBXFileReference; lastKnownFileType = sourcecode.c.h; path = ChanAPIEndpoints.h; sourceTree = "<group>"; };
		B68B8190170DBA33001B6986 /* ChanMenuViewController.h */ = {isa = PBXFileReference; fileEncoding = 4; lastKnownFileType = sourcecode.c.h; path = ChanMenuViewController.h; sourceTree = "<group>"; };
		B68B8191170DBA34001B6986 /* ChanMenuViewController.m */ = {isa = PBXFileReference; fileEncoding = 4; lastKnownFileType = sourcecode.c.objc; path = ChanMenuViewController.m; sourceTree = "<group>"; };
		B6BC27281707D97500A783A8 /* ChanRestKitObjectMappings.h */ = {isa = PBXFileReference; fileEncoding = 4; lastKnownFileType = sourcecode.c.h; path = ChanRestKitObjectMappings.h; sourceTree = "<group>"; };
		B6BC27291707D97500A783A8 /* ChanRestKitObjectMappings.m */ = {isa = PBXFileReference; fileEncoding = 4; lastKnownFileType = sourcecode.c.objc; path = ChanRestKitObjectMappings.m; sourceTree = "<group>"; };
		B6F4800A1706C80F0005029D /* _ChanChannel.h */ = {isa = PBXFileReference; fileEncoding = 4; lastKnownFileType = sourcecode.c.h; path = _ChanChannel.h; sourceTree = "<group>"; };
		B6F4800B1706C80F0005029D /* _ChanChannel.m */ = {isa = PBXFileReference; fileEncoding = 4; lastKnownFileType = sourcecode.c.objc; path = _ChanChannel.m; sourceTree = "<group>"; };
		B6F4800C1706C80F0005029D /* _ChanEvent.h */ = {isa = PBXFileReference; fileEncoding = 4; lastKnownFileType = sourcecode.c.h; path = _ChanEvent.h; sourceTree = "<group>"; };
		B6F4800D1706C80F0005029D /* _ChanEvent.m */ = {isa = PBXFileReference; fileEncoding = 4; lastKnownFileType = sourcecode.c.objc; path = _ChanEvent.m; sourceTree = "<group>"; };
		B6F4800E1706C80F0005029D /* _ChanHLSChunk.h */ = {isa = PBXFileReference; fileEncoding = 4; lastKnownFileType = sourcecode.c.h; path = _ChanHLSChunk.h; sourceTree = "<group>"; };
		B6F4800F1706C80F0005029D /* _ChanHLSChunk.m */ = {isa = PBXFileReference; fileEncoding = 4; lastKnownFileType = sourcecode.c.objc; path = _ChanHLSChunk.m; sourceTree = "<group>"; };
		B6F480101706C80F0005029D /* _ChanHLSRecording.h */ = {isa = PBXFileReference; fileEncoding = 4; lastKnownFileType = sourcecode.c.h; path = _ChanHLSRecording.h; sourceTree = "<group>"; };
		B6F480111706C80F0005029D /* _ChanHLSRecording.m */ = {isa = PBXFileReference; fileEncoding = 4; lastKnownFileType = sourcecode.c.objc; path = _ChanHLSRecording.m; sourceTree = "<group>"; };
		B6F480121706C80F0005029D /* _ChanImagePost.h */ = {isa = PBXFileReference; fileEncoding = 4; lastKnownFileType = sourcecode.c.h; path = _ChanImagePost.h; sourceTree = "<group>"; };
		B6F480131706C80F0005029D /* _ChanImagePost.m */ = {isa = PBXFileReference; fileEncoding = 4; lastKnownFileType = sourcecode.c.objc; path = _ChanImagePost.m; sourceTree = "<group>"; };
		B6F480141706C80F0005029D /* _ChanInstagramPost.h */ = {isa = PBXFileReference; fileEncoding = 4; lastKnownFileType = sourcecode.c.h; path = _ChanInstagramPost.h; sourceTree = "<group>"; };
		B6F480151706C80F0005029D /* _ChanInstagramPost.m */ = {isa = PBXFileReference; fileEncoding = 4; lastKnownFileType = sourcecode.c.objc; path = _ChanInstagramPost.m; sourceTree = "<group>"; };
		B6F480161706C80F0005029D /* _ChanPost.h */ = {isa = PBXFileReference; fileEncoding = 4; lastKnownFileType = sourcecode.c.h; path = _ChanPost.h; sourceTree = "<group>"; };
		B6F480171706C80F0005029D /* _ChanPost.m */ = {isa = PBXFileReference; fileEncoding = 4; lastKnownFileType = sourcecode.c.objc; path = _ChanPost.m; sourceTree = "<group>"; };
		B6F480181706C80F0005029D /* _ChanTextPost.h */ = {isa = PBXFileReference; fileEncoding = 4; lastKnownFileType = sourcecode.c.h; path = _ChanTextPost.h; sourceTree = "<group>"; };
		B6F480191706C80F0005029D /* _ChanTextPost.m */ = {isa = PBXFileReference; fileEncoding = 4; lastKnownFileType = sourcecode.c.objc; path = _ChanTextPost.m; sourceTree = "<group>"; };
		B6F4801A1706C80F0005029D /* _ChanTwitterPost.h */ = {isa = PBXFileReference; fileEncoding = 4; lastKnownFileType = sourcecode.c.h; path = _ChanTwitterPost.h; sourceTree = "<group>"; };
		B6F4801B1706C80F0005029D /* _ChanTwitterPost.m */ = {isa = PBXFileReference; fileEncoding = 4; lastKnownFileType = sourcecode.c.objc; path = _ChanTwitterPost.m; sourceTree = "<group>"; };
		B6F4801C1706C80F0005029D /* _ChanUser.h */ = {isa = PBXFileReference; fileEncoding = 4; lastKnownFileType = sourcecode.c.h; path = _ChanUser.h; sourceTree = "<group>"; };
		B6F4801D1706C80F0005029D /* _ChanUser.m */ = {isa = PBXFileReference; fileEncoding = 4; lastKnownFileType = sourcecode.c.objc; path = _ChanUser.m; sourceTree = "<group>"; };
		B6F4801E1706C80F0005029D /* _ChanVideoPost.h */ = {isa = PBXFileReference; fileEncoding = 4; lastKnownFileType = sourcecode.c.h; path = _ChanVideoPost.h; sourceTree = "<group>"; };
		B6F4801F1706C80F0005029D /* _ChanVideoPost.m */ = {isa = PBXFileReference; fileEncoding = 4; lastKnownFileType = sourcecode.c.objc; path = _ChanVideoPost.m; sourceTree = "<group>"; };
/* End PBXFileReference section */

/* Begin PBXFrameworksBuildPhase section */
		B66FDC7F16EF88A30042A36C /* Frameworks */ = {
			isa = PBXFrameworksBuildPhase;
			buildActionMask = 2147483647;
			files = (
				0AA247661708430C00E5A4C0 /* MobileCoreServices.framework in Frameworks */,
				0A9B21FC16FC442E008E5A23 /* CoreLocation.framework in Frameworks */,
				0A9B21FB16FC4428008E5A23 /* MapKit.framework in Frameworks */,
				4A33C83C16F207AD009BA571 /* AVFoundation.framework in Frameworks */,
				B66FDC8616EF88A30042A36C /* UIKit.framework in Frameworks */,
				B66FDC8816EF88A30042A36C /* Foundation.framework in Frameworks */,
				B66FDC8A16EF88A30042A36C /* CoreGraphics.framework in Frameworks */,
				B66FDC8C16EF88A30042A36C /* CoreData.framework in Frameworks */,
				37A6F10E2EF44B479165CDF8 /* libPods.a in Frameworks */,
			);
			runOnlyForDeploymentPostprocessing = 0;
		};
		B66FDCAF16EF88A40042A36C /* Frameworks */ = {
			isa = PBXFrameworksBuildPhase;
			buildActionMask = 2147483647;
			files = (
				B66FDCB516EF88A40042A36C /* SenTestingKit.framework in Frameworks */,
				B66FDCB616EF88A40042A36C /* UIKit.framework in Frameworks */,
				B66FDCB716EF88A40042A36C /* Foundation.framework in Frameworks */,
				B66FDCB816EF88A40042A36C /* CoreData.framework in Frameworks */,
			);
			runOnlyForDeploymentPostprocessing = 0;
		};
/* End PBXFrameworksBuildPhase section */

/* Begin PBXGroup section */
		0A7423BA170548E200644070 /* Discover */ = {
			isa = PBXGroup;
			children = (
				0AF534FA1705C50C00E437F9 /* Table */,
				0A99938416FD6E1400709D28 /* Map */,
				0AF535131705D32800E437F9 /* DiscoverViewController.h */,
				0AF535141705D32800E437F9 /* DiscoverViewController.m */,
			);
			name = Discover;
			sourceTree = "<group>";
		};
		0A7423BB170548FC00644070 /* Channel */ = {
			isa = PBXGroup;
			children = (
				0AA3938317043E3B00A35814 /* Posts */,
				0AF5350A1705D2E600E437F9 /* ChannelPostTableViewController.h */,
				0AF5350B1705D2E600E437F9 /* ChannelPostTableViewController.m */,
				0AF5351F1705D39100E437F9 /* ChannelViewController.h */,
				0AF535201705D39100E437F9 /* ChannelViewController.m */,
				0AA2476717086A3500E5A4C0 /* AttachPickerViewController.h */,
				0AA2476817086A3500E5A4C0 /* AttachPickerViewController.m */,
			);
			name = Channel;
			sourceTree = "<group>";
		};
		0A7423BC1705490B00644070 /* Search */ = {
			isa = PBXGroup;
			children = (
				0AF535221705D40000E437F9 /* SearchViewController.h */,
				0AF535231705D40000E437F9 /* SearchViewController.m */,
			);
			name = Search;
			sourceTree = "<group>";
		};
		0A937FBA170F5210000A4079 /* Custom View */ = {
			isa = PBXGroup;
			children = (
				0A937FBB170F52BB000A4079 /* AnnotationUIView.h */,
				0A937FBC170F52BB000A4079 /* AnnotationUIView.m */,
			);
			name = "Custom View";
			sourceTree = "<group>";
		};
		0A99938416FD6E1400709D28 /* Map */ = {
			isa = PBXGroup;
			children = (
				0AF535161705D34300E437F9 /* ChannelAnnotation.h */,
				0AF535171705D34300E437F9 /* ChannelAnnotation.m */,
				0AF535181705D34300E437F9 /* LocationAnnotation.h */,
				0AF535191705D34300E437F9 /* LocationAnnotation.m */,
			);
			name = Map;
			sourceTree = "<group>";
		};
		0A9C9E6F16F301A50017FECB /* IosNtp */ = {
			isa = PBXGroup;
			children = (
				0A9C9E7016F301B80017FECB /* ios-ntp.h */,
				0A9C9E7116F301B80017FECB /* NetAssociation.h */,
				0A9C9E7216F301B80017FECB /* NetAssociation.m */,
				0A9C9E7316F301B80017FECB /* NetworkClock.h */,
				0A9C9E7416F301B80017FECB /* NetworkClock.m */,
				0A9C9E7516F301B80017FECB /* NSDate+NetworkClock.h */,
				0A9C9E7616F301B80017FECB /* NSDate+NetworkClock.m */,
				0A9C9E7716F301B80017FECB /* SynthesizeSingleton.h */,
			);
			name = IosNtp;
			sourceTree = "<group>";
		};
		0A9EC537170EEE51002D60D1 /* Discovery */ = {
			isa = PBXGroup;
			children = (
				0A9EC538170EEE80002D60D1 /* DiscoveryService.h */,
				0A9EC539170EEE80002D60D1 /* DiscoveryService.m */,
			);
			name = Discovery;
			sourceTree = "<group>";
		};
		0AA3938317043E3B00A35814 /* Posts */ = {
			isa = PBXGroup;
			children = (
				0AF535011705D29100E437F9 /* ChanImagePostCell.h */,
				0AF535021705D29100E437F9 /* ChanImagePostCell.m */,
				0AF535031705D29100E437F9 /* ChanPostCell.h */,
				0AF535041705D29100E437F9 /* ChanPostCell.m */,
				0AF535051705D29100E437F9 /* ChanTextPostCell.h */,
				0AF535061705D29100E437F9 /* ChanTextPostCell.m */,
			);
			name = Posts;
			sourceTree = "<group>";
		};
		0ABB364716FC13BE00436E06 /* Archive */ = {
			isa = PBXGroup;
			children = (
				B66FDCA816EF88A40042A36C /* ChanMasterViewController.h */,
				B66FDCA916EF88A40042A36C /* ChanMasterViewController.m */,
			);
			name = Archive;
			sourceTree = "<group>";
		};
		0ABB364A16FC19A200436E06 /* UI */ = {
			isa = PBXGroup;
			children = (
				0A7423BC1705490B00644070 /* Search */,
				0A7423BB170548FC00644070 /* Channel */,
				0A7423BA170548E200644070 /* Discover */,
				B66FDC9F16EF88A40042A36C /* MainStoryboard_iPhone.storyboard */,
				B66FDCA216EF88A40042A36C /* MainStoryboard_iPad.storyboard */,
				B66FDCAB16EF88A40042A36C /* ChanDetailViewController.h */,
				B66FDCAC16EF88A40042A36C /* ChanDetailViewController.m */,
				0AF5351C1705D36500E437F9 /* ChanHiddenTabBarController.h */,
				0AF5351D1705D36500E437F9 /* ChanHiddenTabBarController.m */,
				0AF534F81705A03700E437F9 /* wolfdie.png */,
				B68B8190170DBA33001B6986 /* ChanMenuViewController.h */,
				B68B8191170DBA34001B6986 /* ChanMenuViewController.m */,
			);
			name = UI;
			path = ..;
			sourceTree = "<group>";
		};
		0AF534FA1705C50C00E437F9 /* Table */ = {
			isa = PBXGroup;
			children = (
				0AF5350D1705D2F500E437F9 /* ChannelUITableViewCell.h */,
				0AF5350E1705D2F500E437F9 /* ChannelUITableViewCell.m */,
				0AF5350F1705D2F500E437F9 /* ChannelUITableViewController.h */,
				0AF535101705D2F500E437F9 /* ChannelUITableViewController.m */,
			);
			name = Table;
			sourceTree = "<group>";
		};
		4A8933D017059CF5004D6E53 /* Http Live Streaming */ = {
			isa = PBXGroup;
			children = (
				4A8933D117059D00004D6E53 /* ChunkingVideoRecorder */,
				4AE16ED8170DF6E500573A4B /* HLSChunkDownloadMetaData.h */,
				4AE16ED9170DF6E500573A4B /* HLSChunkDownloadMetaData.m */,
				4AE16EDA170DF6E500573A4B /* HLSChunkDownloadOperation.h */,
				4AE16EDB170DF6E500573A4B /* HLSChunkDownloadOperation.m */,
				4AE16EDC170DF6E500573A4B /* HLSEventPlaylistHelper.h */,
				4AE16EDD170DF6E500573A4B /* HLSEventPlaylistHelper.m */,
				4AE16EDE170DF6E500573A4B /* HLSStreamDownloader.h */,
				4AE16EDF170DF6E500573A4B /* HLSStreamDownloader.m */,
				4AE16EE0170DF6E500573A4B /* HLSUtility.h */,
				4AE16EE1170DF6E500573A4B /* HLSUtility.m */,
			);
			name = "Http Live Streaming";
			sourceTree = "<group>";
		};
		4A8933D117059D00004D6E53 /* ChunkingVideoRecorder */ = {
			isa = PBXGroup;
			children = (
				4A59D1D81705E43D00D04B6F /* ChunkingVideoRecorder.h */,
				4A59D1D91705E43D00D04B6F /* ChunkingVideoRecorder.m */,
				4A59D1DA1705E43D00D04B6F /* ChunkingVideoRecorderDelegate.h */,
				4A59D1DB1705E43D00D04B6F /* TimedChunkingVideoRecorder.h */,
				4A59D1DC1705E43D00D04B6F /* TimedChunkingVideoRecorder.m */,
			);
			name = ChunkingVideoRecorder;
			sourceTree = "<group>";
		};
		B63865F41703E28900800FBE /* Model-Custom */ = {
			isa = PBXGroup;
			children = (
				B6386689170467E400800FBE /* ChanUser.h */,
				B638668A170467E400800FBE /* ChanUser.m */,
				B6386686170467E400800FBE /* ChanPost.h */,
				B6386687170467E400800FBE /* ChanPost.m */,
				B6386683170467A500800FBE /* ChanEvent.h */,
				B6386684170467A500800FBE /* ChanEvent.m */,
				B6386680170466D800800FBE /* ChanTextPost.h */,
				B6386681170466D800800FBE /* ChanTextPost.m */,
				B638667A170466D800800FBE /* ChanInstagramPost.h */,
				B638667B170466D800800FBE /* ChanInstagramPost.m */,
				B6386677170466D700800FBE /* ChanHLSRecording.h */,
				B6386678170466D700800FBE /* ChanHLSRecording.m */,
				B6386674170466D700800FBE /* ChanVideoPost.h */,
				B6386675170466D700800FBE /* ChanVideoPost.m */,
				B638666B170466D700800FBE /* ChanChannel.h */,
				B638666C170466D700800FBE /* ChanChannel.m */,
				B6386668170466D700800FBE /* ChanTwitterPost.h */,
				B6386669170466D700800FBE /* ChanTwitterPost.m */,
				B6386665170466D700800FBE /* ChanImagePost.h */,
				B6386666170466D700800FBE /* ChanImagePost.m */,
				B6386662170466D600800FBE /* ChanHLSChunk.h */,
				B6386663170466D700800FBE /* ChanHLSChunk.m */,
			);
			name = "Model-Custom";
			sourceTree = "<group>";
		};
		B63865F51703E3DF00800FBE /* API */ = {
			isa = PBXGroup;
			children = (
				B6BC27281707D97500A783A8 /* ChanRestKitObjectMappings.h */,
				B6BC27291707D97500A783A8 /* ChanRestKitObjectMappings.m */,
				B68B818F170D57C3001B6986 /* ChanAPIEndpoints.h */,
			);
			name = API;
			sourceTree = "<group>";
		};
		B66FDC7916EF88A30042A36C = {
			isa = PBXGroup;
			children = (
				B66FDC8D16EF88A30042A36C /* Channely */,
				B66FDCBB16EF88A40042A36C /* ChannelyTests */,
				B66FDC8416EF88A30042A36C /* Frameworks */,
				B66FDC8316EF88A30042A36C /* Products */,
				0A9C9E8D16F304960017FECB /* ntp.hosts */,
				97663AA3EF11435B88CF1377 /* Pods.xcconfig */,
			);
			sourceTree = "<group>";
		};
		B66FDC8316EF88A30042A36C /* Products */ = {
			isa = PBXGroup;
			children = (
				B66FDC8216EF88A30042A36C /* Channely.app */,
				B66FDCB316EF88A40042A36C /* ChannelyTests.octest */,
			);
			name = Products;
			sourceTree = "<group>";
		};
		B66FDC8416EF88A30042A36C /* Frameworks */ = {
			isa = PBXGroup;
			children = (
				0AA247651708430B00E5A4C0 /* MobileCoreServices.framework */,
				0A9B21F916FC43ED008E5A23 /* CoreLocation.framework */,
				0ABB364816FC16A500436E06 /* MapKit.framework */,
				4A33C83B16F207AD009BA571 /* AVFoundation.framework */,
				B66FDC8516EF88A30042A36C /* UIKit.framework */,
				B66FDC8716EF88A30042A36C /* Foundation.framework */,
				B66FDC8916EF88A30042A36C /* CoreGraphics.framework */,
				B66FDC8B16EF88A30042A36C /* CoreData.framework */,
				B66FDCB416EF88A40042A36C /* SenTestingKit.framework */,
				2D156770FCBB4A9BB0AFBE5B /* libPods.a */,
			);
			name = Frameworks;
			sourceTree = "<group>";
		};
		B66FDC8D16EF88A30042A36C /* Channely */ = {
			isa = PBXGroup;
			children = (
				0A937FBA170F5210000A4079 /* Custom View */,
				0A9EC537170EEE51002D60D1 /* Discovery */,
				4A8933D017059CF5004D6E53 /* Http Live Streaming */,
				B63865F41703E28900800FBE /* Model-Custom */,
				B6F480091706C7F50005029D /* Model-Generated */,
				B63865F51703E3DF00800FBE /* API */,
				0ABB364A16FC19A200436E06 /* UI */,
				0ABB364716FC13BE00436E06 /* Archive */,
				0A9C9E6F16F301A50017FECB /* IosNtp */,
				B66FDC9616EF88A30042A36C /* ChanAppDelegate.h */,
				B66FDC9716EF88A30042A36C /* ChanAppDelegate.m */,
				B66FDCA516EF88A40042A36C /* Channely.xcdatamodeld */,
				B66FDC8E16EF88A30042A36C /* Supporting Files */,
			);
			path = Channely;
			sourceTree = "<group>";
		};
		B66FDC8E16EF88A30042A36C /* Supporting Files */ = {
			isa = PBXGroup;
			children = (
				B66FDC8F16EF88A30042A36C /* Channely-Info.plist */,
				B66FDC9016EF88A30042A36C /* InfoPlist.strings */,
				B66FDC9316EF88A30042A36C /* main.m */,
				B66FDC9516EF88A30042A36C /* Channely-Prefix.pch */,
				B66FDC9916EF88A30042A36C /* Default.png */,
				B66FDC9B16EF88A30042A36C /* Default@2x.png */,
				B66FDC9D16EF88A30042A36C /* Default-568h@2x.png */,
			);
			name = "Supporting Files";
			sourceTree = "<group>";
		};
		B66FDCBB16EF88A40042A36C /* ChannelyTests */ = {
			isa = PBXGroup;
			children = (
				B66FDCC116EF88A40042A36C /* ChannelyTests.h */,
				B66FDCC216EF88A40042A36C /* ChannelyTests.m */,
				B66FDCBC16EF88A40042A36C /* Supporting Files */,
			);
			path = ChannelyTests;
			sourceTree = "<group>";
		};
		B66FDCBC16EF88A40042A36C /* Supporting Files */ = {
			isa = PBXGroup;
			children = (
				B66FDCBD16EF88A40042A36C /* ChannelyTests-Info.plist */,
				B66FDCBE16EF88A40042A36C /* InfoPlist.strings */,
			);
			name = "Supporting Files";
			sourceTree = "<group>";
		};
		B6F480091706C7F50005029D /* Model-Generated */ = {
			isa = PBXGroup;
			children = (
				B6F4800A1706C80F0005029D /* _ChanChannel.h */,
				B6F4800B1706C80F0005029D /* _ChanChannel.m */,
				B6F4800C1706C80F0005029D /* _ChanEvent.h */,
				B6F4800D1706C80F0005029D /* _ChanEvent.m */,
				B6F4800E1706C80F0005029D /* _ChanHLSChunk.h */,
				B6F4800F1706C80F0005029D /* _ChanHLSChunk.m */,
				B6F480101706C80F0005029D /* _ChanHLSRecording.h */,
				B6F480111706C80F0005029D /* _ChanHLSRecording.m */,
				B6F480121706C80F0005029D /* _ChanImagePost.h */,
				B6F480131706C80F0005029D /* _ChanImagePost.m */,
				B6F480141706C80F0005029D /* _ChanInstagramPost.h */,
				B6F480151706C80F0005029D /* _ChanInstagramPost.m */,
				B6F480161706C80F0005029D /* _ChanPost.h */,
				B6F480171706C80F0005029D /* _ChanPost.m */,
				B6F480181706C80F0005029D /* _ChanTextPost.h */,
				B6F480191706C80F0005029D /* _ChanTextPost.m */,
				B6F4801A1706C80F0005029D /* _ChanTwitterPost.h */,
				B6F4801B1706C80F0005029D /* _ChanTwitterPost.m */,
				B6F4801C1706C80F0005029D /* _ChanUser.h */,
				B6F4801D1706C80F0005029D /* _ChanUser.m */,
				B6F4801E1706C80F0005029D /* _ChanVideoPost.h */,
				B6F4801F1706C80F0005029D /* _ChanVideoPost.m */,
			);
			name = "Model-Generated";
			sourceTree = "<group>";
		};
/* End PBXGroup section */

/* Begin PBXNativeTarget section */
		B66FDC8116EF88A30042A36C /* Channely */ = {
			isa = PBXNativeTarget;
			buildConfigurationList = B66FDCC616EF88A40042A36C /* Build configuration list for PBXNativeTarget "Channely" */;
			buildPhases = (
				B66FDC7E16EF88A30042A36C /* Sources */,
				B66FDC7F16EF88A30042A36C /* Frameworks */,
				B66FDC8016EF88A30042A36C /* Resources */,
				1EDEA24BD5C94DE2B27B1EE1 /* Copy Pods Resources */,
			);
			buildRules = (
			);
			dependencies = (
			);
			name = Channely;
			productName = Channely;
			productReference = B66FDC8216EF88A30042A36C /* Channely.app */;
			productType = "com.apple.product-type.application";
		};
		B66FDCB216EF88A40042A36C /* ChannelyTests */ = {
			isa = PBXNativeTarget;
			buildConfigurationList = B66FDCC916EF88A40042A36C /* Build configuration list for PBXNativeTarget "ChannelyTests" */;
			buildPhases = (
				B66FDCAE16EF88A40042A36C /* Sources */,
				B66FDCAF16EF88A40042A36C /* Frameworks */,
				B66FDCB016EF88A40042A36C /* Resources */,
				B66FDCB116EF88A40042A36C /* ShellScript */,
			);
			buildRules = (
			);
			dependencies = (
				B66FDCBA16EF88A40042A36C /* PBXTargetDependency */,
			);
			name = ChannelyTests;
			productName = ChannelyTests;
			productReference = B66FDCB316EF88A40042A36C /* ChannelyTests.octest */;
			productType = "com.apple.product-type.bundle";
		};
/* End PBXNativeTarget section */

/* Begin PBXProject section */
		B66FDC7A16EF88A30042A36C /* Project object */ = {
			isa = PBXProject;
			attributes = {
				CLASSPREFIX = Chan;
				LastUpgradeCheck = 0460;
				ORGANIZATIONNAME = nus.cs3217;
			};
			buildConfigurationList = B66FDC7D16EF88A30042A36C /* Build configuration list for PBXProject "Channely" */;
			compatibilityVersion = "Xcode 3.2";
			developmentRegion = English;
			hasScannedForEncodings = 0;
			knownRegions = (
				en,
			);
			mainGroup = B66FDC7916EF88A30042A36C;
			productRefGroup = B66FDC8316EF88A30042A36C /* Products */;
			projectDirPath = "";
			projectRoot = "";
			targets = (
				B66FDC8116EF88A30042A36C /* Channely */,
				B66FDCB216EF88A40042A36C /* ChannelyTests */,
			);
		};
/* End PBXProject section */

/* Begin PBXResourcesBuildPhase section */
		B66FDC8016EF88A30042A36C /* Resources */ = {
			isa = PBXResourcesBuildPhase;
			buildActionMask = 2147483647;
			files = (
				B66FDC9216EF88A30042A36C /* InfoPlist.strings in Resources */,
				B66FDC9A16EF88A30042A36C /* Default.png in Resources */,
				B66FDC9C16EF88A30042A36C /* Default@2x.png in Resources */,
				B66FDC9E16EF88A40042A36C /* Default-568h@2x.png in Resources */,
				B66FDCA116EF88A40042A36C /* MainStoryboard_iPhone.storyboard in Resources */,
				B66FDCA416EF88A40042A36C /* MainStoryboard_iPad.storyboard in Resources */,
				0A9C9E8E16F304970017FECB /* ntp.hosts in Resources */,
				0AF534F91705A03800E437F9 /* wolfdie.png in Resources */,
			);
			runOnlyForDeploymentPostprocessing = 0;
		};
		B66FDCB016EF88A40042A36C /* Resources */ = {
			isa = PBXResourcesBuildPhase;
			buildActionMask = 2147483647;
			files = (
				B66FDCC016EF88A40042A36C /* InfoPlist.strings in Resources */,
			);
			runOnlyForDeploymentPostprocessing = 0;
		};
/* End PBXResourcesBuildPhase section */

/* Begin PBXShellScriptBuildPhase section */
		1EDEA24BD5C94DE2B27B1EE1 /* Copy Pods Resources */ = {
			isa = PBXShellScriptBuildPhase;
			buildActionMask = 2147483647;
			files = (
			);
			inputPaths = (
			);
			name = "Copy Pods Resources";
			outputPaths = (
			);
			runOnlyForDeploymentPostprocessing = 0;
			shellPath = /bin/sh;
			shellScript = "\"${SRCROOT}/Pods/Pods-resources.sh\"\n";
		};
		B66FDCB116EF88A40042A36C /* ShellScript */ = {
			isa = PBXShellScriptBuildPhase;
			buildActionMask = 2147483647;
			files = (
			);
			inputPaths = (
			);
			outputPaths = (
			);
			runOnlyForDeploymentPostprocessing = 0;
			shellPath = /bin/sh;
			shellScript = "# Run the unit tests in this test bundle.\n\"${SYSTEM_DEVELOPER_DIR}/Tools/RunUnitTests\"\n";
		};
/* End PBXShellScriptBuildPhase section */

/* Begin PBXSourcesBuildPhase section */
		B66FDC7E16EF88A30042A36C /* Sources */ = {
			isa = PBXSourcesBuildPhase;
			buildActionMask = 2147483647;
			files = (
				B66FDC9416EF88A30042A36C /* main.m in Sources */,
				B66FDC9816EF88A30042A36C /* ChanAppDelegate.m in Sources */,
				B66FDCA716EF88A40042A36C /* Channely.xcdatamodeld in Sources */,
				B66FDCAD16EF88A40042A36C /* ChanDetailViewController.m in Sources */,
				0A9C9E7816F301B90017FECB /* NetAssociation.m in Sources */,
				0A9C9E7916F301B90017FECB /* NetworkClock.m in Sources */,
				0A9C9E7A16F301B90017FECB /* NSDate+NetworkClock.m in Sources */,
				B6386664170466D700800FBE /* ChanHLSChunk.m in Sources */,
				B6386667170466D700800FBE /* ChanImagePost.m in Sources */,
				B638666A170466D700800FBE /* ChanTwitterPost.m in Sources */,
				B638666D170466D700800FBE /* ChanChannel.m in Sources */,
				B6386676170466D700800FBE /* ChanVideoPost.m in Sources */,
				B6386679170466D700800FBE /* ChanHLSRecording.m in Sources */,
				B638667C170466D800800FBE /* ChanInstagramPost.m in Sources */,
				B6386682170466D800800FBE /* ChanTextPost.m in Sources */,
				B6386685170467A500800FBE /* ChanEvent.m in Sources */,
				B6386688170467E400800FBE /* ChanPost.m in Sources */,
				B638668B170467E400800FBE /* ChanUser.m in Sources */,
				0AF535071705D29100E437F9 /* ChanImagePostCell.m in Sources */,
				0AF535081705D29100E437F9 /* ChanPostCell.m in Sources */,
				0AF535091705D29100E437F9 /* ChanTextPostCell.m in Sources */,
				0AF5350C1705D2E700E437F9 /* ChannelPostTableViewController.m in Sources */,
				0AF535111705D2F500E437F9 /* ChannelUITableViewCell.m in Sources */,
				0AF535121705D2F500E437F9 /* ChannelUITableViewController.m in Sources */,
				0AF535151705D32800E437F9 /* DiscoverViewController.m in Sources */,
				0AF5351A1705D34300E437F9 /* ChannelAnnotation.m in Sources */,
				0AF5351B1705D34300E437F9 /* LocationAnnotation.m in Sources */,
				0AF5351E1705D36500E437F9 /* ChanHiddenTabBarController.m in Sources */,
				0AF535211705D39200E437F9 /* ChannelViewController.m in Sources */,
				0AF535241705D40000E437F9 /* SearchViewController.m in Sources */,
				4A59D1DD1705E43D00D04B6F /* ChunkingVideoRecorder.m in Sources */,
				4A59D1DE1705E43D00D04B6F /* TimedChunkingVideoRecorder.m in Sources */,
				B6F480201706C80F0005029D /* _ChanChannel.m in Sources */,
				B6F480211706C80F0005029D /* _ChanEvent.m in Sources */,
				B6F480221706C80F0005029D /* _ChanHLSChunk.m in Sources */,
				B6F480231706C80F0005029D /* _ChanHLSRecording.m in Sources */,
				B6F480241706C80F0005029D /* _ChanImagePost.m in Sources */,
				B6F480251706C80F0005029D /* _ChanInstagramPost.m in Sources */,
				B6F480261706C80F0005029D /* _ChanPost.m in Sources */,
				B6F480271706C80F0005029D /* _ChanTextPost.m in Sources */,
				B6F480281706C80F0005029D /* _ChanTwitterPost.m in Sources */,
				B6F480291706C80F0005029D /* _ChanUser.m in Sources */,
				B6F4802A1706C80F0005029D /* _ChanVideoPost.m in Sources */,
				B6BC272A1707D97500A783A8 /* ChanRestKitObjectMappings.m in Sources */,
				0AA2476917086A3500E5A4C0 /* AttachPickerViewController.m in Sources */,
				B68B8192170DBA34001B6986 /* ChanMenuViewController.m in Sources */,
				4AE16EE2170DF6E500573A4B /* HLSChunkDownloadMetaData.m in Sources */,
				4AE16EE3170DF6E500573A4B /* HLSChunkDownloadOperation.m in Sources */,
				4AE16EE4170DF6E500573A4B /* HLSEventPlaylistHelper.m in Sources */,
				4AE16EE5170DF6E500573A4B /* HLSStreamDownloader.m in Sources */,
				4AE16EE6170DF6E500573A4B /* HLSUtility.m in Sources */,
				0A9EC53A170EEE80002D60D1 /* DiscoveryService.m in Sources */,
				0A937FBD170F52BB000A4079 /* AnnotationUIView.m in Sources */,
			);
			runOnlyForDeploymentPostprocessing = 0;
		};
		B66FDCAE16EF88A40042A36C /* Sources */ = {
			isa = PBXSourcesBuildPhase;
			buildActionMask = 2147483647;
			files = (
				B66FDCC316EF88A40042A36C /* ChannelyTests.m in Sources */,
			);
			runOnlyForDeploymentPostprocessing = 0;
		};
/* End PBXSourcesBuildPhase section */

/* Begin PBXTargetDependency section */
		B66FDCBA16EF88A40042A36C /* PBXTargetDependency */ = {
			isa = PBXTargetDependency;
			target = B66FDC8116EF88A30042A36C /* Channely */;
			targetProxy = B66FDCB916EF88A40042A36C /* PBXContainerItemProxy */;
		};
/* End PBXTargetDependency section */

/* Begin PBXVariantGroup section */
		B66FDC9016EF88A30042A36C /* InfoPlist.strings */ = {
			isa = PBXVariantGroup;
			children = (
				B66FDC9116EF88A30042A36C /* en */,
			);
			name = InfoPlist.strings;
			sourceTree = "<group>";
		};
		B66FDC9F16EF88A40042A36C /* MainStoryboard_iPhone.storyboard */ = {
			isa = PBXVariantGroup;
			children = (
				B66FDCA016EF88A40042A36C /* en */,
			);
			name = MainStoryboard_iPhone.storyboard;
			path = Channely;
			sourceTree = "<group>";
		};
		B66FDCA216EF88A40042A36C /* MainStoryboard_iPad.storyboard */ = {
			isa = PBXVariantGroup;
			children = (
				B66FDCA316EF88A40042A36C /* en */,
			);
			name = MainStoryboard_iPad.storyboard;
			path = Channely;
			sourceTree = "<group>";
		};
		B66FDCBE16EF88A40042A36C /* InfoPlist.strings */ = {
			isa = PBXVariantGroup;
			children = (
				B66FDCBF16EF88A40042A36C /* en */,
			);
			name = InfoPlist.strings;
			sourceTree = "<group>";
		};
/* End PBXVariantGroup section */

/* Begin XCBuildConfiguration section */
		B66FDCC416EF88A40042A36C /* Debug */ = {
			isa = XCBuildConfiguration;
			buildSettings = {
				ALWAYS_SEARCH_USER_PATHS = NO;
				CLANG_CXX_LANGUAGE_STANDARD = "gnu++0x";
				CLANG_CXX_LIBRARY = "libc++";
				CLANG_ENABLE_OBJC_ARC = YES;
				CLANG_WARN_CONSTANT_CONVERSION = YES;
				CLANG_WARN_EMPTY_BODY = YES;
				CLANG_WARN_ENUM_CONVERSION = YES;
				CLANG_WARN_INT_CONVERSION = YES;
				CLANG_WARN__DUPLICATE_METHOD_MATCH = YES;
				"CODE_SIGN_IDENTITY[sdk=iphoneos*]" = "iPhone Developer";
				COPY_PHASE_STRIP = NO;
				GCC_C_LANGUAGE_STANDARD = gnu99;
				GCC_DYNAMIC_NO_PIC = NO;
				GCC_OPTIMIZATION_LEVEL = 0;
				GCC_PREPROCESSOR_DEFINITIONS = (
					"DEBUG=1",
					"$(inherited)",
				);
				GCC_SYMBOLS_PRIVATE_EXTERN = NO;
				GCC_WARN_ABOUT_RETURN_TYPE = YES;
				GCC_WARN_UNINITIALIZED_AUTOS = YES;
				GCC_WARN_UNUSED_VARIABLE = YES;
				IPHONEOS_DEPLOYMENT_TARGET = 6.1;
				ONLY_ACTIVE_ARCH = YES;
				SDKROOT = iphoneos;
				TARGETED_DEVICE_FAMILY = "1,2";
			};
			name = Debug;
		};
		B66FDCC516EF88A40042A36C /* Release */ = {
			isa = XCBuildConfiguration;
			buildSettings = {
				ALWAYS_SEARCH_USER_PATHS = NO;
				CLANG_CXX_LANGUAGE_STANDARD = "gnu++0x";
				CLANG_CXX_LIBRARY = "libc++";
				CLANG_ENABLE_OBJC_ARC = YES;
				CLANG_WARN_CONSTANT_CONVERSION = YES;
				CLANG_WARN_EMPTY_BODY = YES;
				CLANG_WARN_ENUM_CONVERSION = YES;
				CLANG_WARN_INT_CONVERSION = YES;
				CLANG_WARN__DUPLICATE_METHOD_MATCH = YES;
				"CODE_SIGN_IDENTITY[sdk=iphoneos*]" = "iPhone Developer";
				COPY_PHASE_STRIP = YES;
				GCC_C_LANGUAGE_STANDARD = gnu99;
				GCC_WARN_ABOUT_RETURN_TYPE = YES;
				GCC_WARN_UNINITIALIZED_AUTOS = YES;
				GCC_WARN_UNUSED_VARIABLE = YES;
				IPHONEOS_DEPLOYMENT_TARGET = 6.1;
				OTHER_CFLAGS = "-DNS_BLOCK_ASSERTIONS=1";
				SDKROOT = iphoneos;
				TARGETED_DEVICE_FAMILY = "1,2";
				VALIDATE_PRODUCT = YES;
			};
			name = Release;
		};
		B66FDCC716EF88A40042A36C /* Debug */ = {
			isa = XCBuildConfiguration;
			baseConfigurationReference = 97663AA3EF11435B88CF1377 /* Pods.xcconfig */;
			buildSettings = {
				GCC_PRECOMPILE_PREFIX_HEADER = YES;
				GCC_PREFIX_HEADER = "Channely/Channely-Prefix.pch";
				INFOPLIST_FILE = "Channely/Channely-Info.plist";
				PRODUCT_NAME = "$(TARGET_NAME)";
				WRAPPER_EXTENSION = app;
			};
			name = Debug;
		};
		B66FDCC816EF88A40042A36C /* Release */ = {
			isa = XCBuildConfiguration;
			baseConfigurationReference = 97663AA3EF11435B88CF1377 /* Pods.xcconfig */;
			buildSettings = {
				GCC_PRECOMPILE_PREFIX_HEADER = YES;
				GCC_PREFIX_HEADER = "Channely/Channely-Prefix.pch";
				INFOPLIST_FILE = "Channely/Channely-Info.plist";
				PRODUCT_NAME = "$(TARGET_NAME)";
				WRAPPER_EXTENSION = app;
			};
			name = Release;
		};
		B66FDCCA16EF88A40042A36C /* Debug */ = {
			isa = XCBuildConfiguration;
			buildSettings = {
				BUNDLE_LOADER = "$(BUILT_PRODUCTS_DIR)/Channely.app/Channely";
				FRAMEWORK_SEARCH_PATHS = (
					"\"$(SDKROOT)/Developer/Library/Frameworks\"",
					"\"$(DEVELOPER_LIBRARY_DIR)/Frameworks\"",
				);
				GCC_PRECOMPILE_PREFIX_HEADER = YES;
				GCC_PREFIX_HEADER = "Channely/Channely-Prefix.pch";
				INFOPLIST_FILE = "ChannelyTests/ChannelyTests-Info.plist";
				PRODUCT_NAME = "$(TARGET_NAME)";
				TEST_HOST = "$(BUNDLE_LOADER)";
				WRAPPER_EXTENSION = octest;
			};
			name = Debug;
		};
		B66FDCCB16EF88A40042A36C /* Release */ = {
			isa = XCBuildConfiguration;
			buildSettings = {
				BUNDLE_LOADER = "$(BUILT_PRODUCTS_DIR)/Channely.app/Channely";
				FRAMEWORK_SEARCH_PATHS = (
					"\"$(SDKROOT)/Developer/Library/Frameworks\"",
					"\"$(DEVELOPER_LIBRARY_DIR)/Frameworks\"",
				);
				GCC_PRECOMPILE_PREFIX_HEADER = YES;
				GCC_PREFIX_HEADER = "Channely/Channely-Prefix.pch";
				INFOPLIST_FILE = "ChannelyTests/ChannelyTests-Info.plist";
				PRODUCT_NAME = "$(TARGET_NAME)";
				TEST_HOST = "$(BUNDLE_LOADER)";
				WRAPPER_EXTENSION = octest;
			};
			name = Release;
		};
/* End XCBuildConfiguration section */

/* Begin XCConfigurationList section */
		B66FDC7D16EF88A30042A36C /* Build configuration list for PBXProject "Channely" */ = {
			isa = XCConfigurationList;
			buildConfigurations = (
				B66FDCC416EF88A40042A36C /* Debug */,
				B66FDCC516EF88A40042A36C /* Release */,
			);
			defaultConfigurationIsVisible = 0;
			defaultConfigurationName = Release;
		};
		B66FDCC616EF88A40042A36C /* Build configuration list for PBXNativeTarget "Channely" */ = {
			isa = XCConfigurationList;
			buildConfigurations = (
				B66FDCC716EF88A40042A36C /* Debug */,
				B66FDCC816EF88A40042A36C /* Release */,
			);
			defaultConfigurationIsVisible = 0;
			defaultConfigurationName = Release;
		};
		B66FDCC916EF88A40042A36C /* Build configuration list for PBXNativeTarget "ChannelyTests" */ = {
			isa = XCConfigurationList;
			buildConfigurations = (
				B66FDCCA16EF88A40042A36C /* Debug */,
				B66FDCCB16EF88A40042A36C /* Release */,
			);
			defaultConfigurationIsVisible = 0;
			defaultConfigurationName = Release;
		};
/* End XCConfigurationList section */

/* Begin XCVersionGroup section */
		B66FDCA516EF88A40042A36C /* Channely.xcdatamodeld */ = {
			isa = XCVersionGroup;
			children = (
				B66FDCA616EF88A40042A36C /* Channely.xcdatamodel */,
			);
			currentVersion = B66FDCA616EF88A40042A36C /* Channely.xcdatamodel */;
			path = Channely.xcdatamodeld;
			sourceTree = "<group>";
			versionGroupType = wrapper.xcdatamodel;
		};
/* End XCVersionGroup section */
	};
	rootObject = B66FDC7A16EF88A30042A36C /* Project object */;
}
